
Microsoft Visual Studio Solution File, Format Version 12.00
# Visual Studio 14
VisualStudioVersion = 14.0.24720.0
MinimumVisualStudioVersion = 10.0.40219.1
Project("{FAE04EC0-301F-11D3-BF4B-00C04F79EFBC}") = "Package-pml", "package-pml\Package-pml.csproj", "{5617DA2A-E03F-4E48-8150-D13FC0644C9C}"
EndProject
Project("{FAE04EC0-301F-11D3-BF4B-00C04F79EFBC}") = "Chinese entity linking", "Chinese entity linking\Chinese entity linking.csproj", "{E71FA28C-4F28-4AB9-AC98-0631C5462809}"
EndProject
Project("{FAE04EC0-301F-11D3-BF4B-00C04F79EFBC}") = "Debug", "Debug\Debug.csproj", "{8F02F4BA-834A-48DD-A59E-F9F58997777F}"
EndProject
Project("{2150E333-8FDC-42A3-9474-1A3956D46DE8}") = "Accord", "Accord", "{43E13ED0-E4FF-492A-8B47-FB6909371155}"
EndProject
Project("{FAE04EC0-301F-11D3-BF4B-00C04F79EFBC}") = "Accord.Controls.Audio", "Accord\Sources\Accord.Controls.Audio\Accord.Controls.Audio.csproj", "{E0B826AC-2A51-41EC-9F09-561CA14A82BB}"
EndProject
Project("{FAE04EC0-301F-11D3-BF4B-00C04F79EFBC}") = "Accord.Audio", "Accord\Sources\Accord.Audio\Accord.Audio.csproj", "{E7B65F08-82F1-438F-847A-2AAC2BEC9AC0}"
EndProject
Project("{FAE04EC0-301F-11D3-BF4B-00C04F79EFBC}") = "Accord.Audition", "Accord\Sources\Accord.Audition\Accord.Audition.csproj", "{CDBEFB1A-10BC-49EC-9833-D2CF6D4F6131}"
EndProject
Project("{FAE04EC0-301F-11D3-BF4B-00C04F79EFBC}") = "Accord.Math", "Accord\Sources\Accord.Math\Accord.Math.csproj", "{F718E9A8-DB62-4785-8C49-4333A60D256A}"
EndProject
Project("{FAE04EC0-301F-11D3-BF4B-00C04F79EFBC}") = "Accord.Statistics", "Accord\Sources\Accord.Statistics\Accord.Statistics.csproj", "{FD8101DD-C95D-42D6-AD44-AE01C25F2811}"
EndProject
Project("{FAE04EC0-301F-11D3-BF4B-00C04F79EFBC}") = "Accord.Neuro", "Accord\Sources\Accord.Neuro\Accord.Neuro.csproj", "{179F3045-8757-4F4B-9508-F48327BA11E3}"
EndProject
Project("{FAE04EC0-301F-11D3-BF4B-00C04F79EFBC}") = "Accord.Controls", "Accord\Sources\Accord.Controls.Statistics\Accord.Controls.csproj", "{0AB27A20-925C-4556-9FA4-6E2C109E448E}"
EndProject
Project("{FAE04EC0-301F-11D3-BF4B-00C04F79EFBC}") = "Accord.Imaging", "Accord\Sources\Accord.Imaging\Accord.Imaging.csproj", "{4959A83D-F78F-439E-80A5-41583ECEAAC6}"
EndProject
Project("{FAE04EC0-301F-11D3-BF4B-00C04F79EFBC}") = "Accord.MachineLearning", "Accord\Sources\Accord.MachineLearning\Accord.MachineLearning.csproj", "{7AB4BBCC-6222-423D-9FF9-BA9CB7C09199}"
EndProject
Project("{FAE04EC0-301F-11D3-BF4B-00C04F79EFBC}") = "Accord.Controls.Imaging", "Accord\Sources\Accord.Controls.Imaging\Accord.Controls.Imaging.csproj", "{E1089999-EAED-4E55-AC47-B6A196DF84FC}"
EndProject
Project("{FAE04EC0-301F-11D3-BF4B-00C04F79EFBC}") = "Accord.Vision", "Accord\Sources\Accord.Vision\Accord.Vision.csproj", "{C70A159D-74A4-405F-9A7F-C17ACF451CCA}"
EndProject
Project("{FAE04EC0-301F-11D3-BF4B-00C04F79EFBC}") = "Accord.Core", "Accord\Sources\Accord.Core\Accord.Core.csproj", "{A177A90C-8207-466A-AF70-F2B8452A42AC}"
EndProject
Project("{FAE04EC0-301F-11D3-BF4B-00C04F79EFBC}") = "Accord.Controls.Vision", "Accord\Sources\Accord.Controls.Vision\Accord.Controls.Vision.csproj", "{6158E759-FE2B-4308-BA29-11C9E4A07812}"
EndProject
Project("{FAE04EC0-301F-11D3-BF4B-00C04F79EFBC}") = "Accord.IO", "Accord\Sources\Accord.IO\Accord.IO.csproj", "{63184EBD-6B28-4066-AAEE-5B99431E31F4}"
EndProject
Project("{FAE04EC0-301F-11D3-BF4B-00C04F79EFBC}") = "Accord.Audio.DirectSound", "Accord\Sources\Accord.Audio.DirectSound\Accord.Audio.DirectSound.csproj", "{456DB2E8-745A-4F87-A2BD-C43CF8677770}"
EndProject
Project("{FAE04EC0-301F-11D3-BF4B-00C04F79EFBC}") = "Accord.Fuzzy", "Accord\Sources\Accord.Fuzzy\Accord.Fuzzy.csproj", "{B631038F-E12C-4D0D-8B25-FF7F62FE62D1}"
EndProject
Project("{FAE04EC0-301F-11D3-BF4B-00C04F79EFBC}") = "Accord.Genetic", "Accord\Sources\Accord.Genetic\Accord.Genetic.csproj", "{2EFAA327-1789-4438-B9F5-E83ACAE12DB2}"
EndProject
Project("{FAE04EC0-301F-11D3-BF4B-00C04F79EFBC}") = "Accord.Video.DirectShow", "Accord\Sources\Accord.Video.DirectShow\Accord.Video.DirectShow.csproj", "{26CD2CE7-FF63-4669-83B0-7D9C8F3408EE}"
EndProject
Project("{FAE04EC0-301F-11D3-BF4B-00C04F79EFBC}") = "Accord.Video", "Accord\Sources\Accord.Video\Accord.Video.csproj", "{809725DC-6502-4732-A51C-DEB7FEA12975}"
EndProject
Project("{FAE04EC0-301F-11D3-BF4B-00C04F79EFBC}") = "Accord.Video.Kinect", "Accord\Sources\Accord.Video.Kinect\Accord.Video.Kinect.csproj", "{9DA8E727-4038-4E6B-90BD-853730FDFA49}"
EndProject
Project("{FAE04EC0-301F-11D3-BF4B-00C04F79EFBC}") = "Accord.Video.VFW", "Accord\Sources\Accord.Video.VFW\Accord.Video.VFW.csproj", "{22E852C0-17FF-4106-9DF6-41EABB8C0613}"
EndProject
Project("{FAE04EC0-301F-11D3-BF4B-00C04F79EFBC}") = "Accord.Video.Ximea", "Accord\Sources\Accord.Video.Ximea\Accord.Video.Ximea.csproj", "{AEDD6CFB-747B-4077-9288-9CD2A86090F1}"
EndProject
Global
	GlobalSection(SolutionConfigurationPlatforms) = preSolution
		Debug|Any CPU = Debug|Any CPU
		Debug|x64 = Debug|x64
		Debug|x86 = Debug|x86
		NET35|Any CPU = NET35|Any CPU
		NET35|x64 = NET35|x64
		NET35|x86 = NET35|x86
		NET40|Any CPU = NET40|Any CPU
		NET40|x64 = NET40|x64
		NET40|x86 = NET40|x86
		NET45|Any CPU = NET45|Any CPU
		NET45|x64 = NET45|x64
		NET45|x86 = NET45|x86
		Release|Any CPU = Release|Any CPU
		Release|x64 = Release|x64
		Release|x86 = Release|x86
	EndGlobalSection
	GlobalSection(ProjectConfigurationPlatforms) = postSolution
		{5617DA2A-E03F-4E48-8150-D13FC0644C9C}.Debug|Any CPU.ActiveCfg = Debug|Any CPU
		{5617DA2A-E03F-4E48-8150-D13FC0644C9C}.Debug|Any CPU.Build.0 = Debug|Any CPU
		{5617DA2A-E03F-4E48-8150-D13FC0644C9C}.Debug|x64.ActiveCfg = Debug|x64
		{5617DA2A-E03F-4E48-8150-D13FC0644C9C}.Debug|x64.Build.0 = Debug|x64
		{5617DA2A-E03F-4E48-8150-D13FC0644C9C}.Debug|x86.ActiveCfg = Debug|Any CPU
		{5617DA2A-E03F-4E48-8150-D13FC0644C9C}.Debug|x86.Build.0 = Debug|Any CPU
		{5617DA2A-E03F-4E48-8150-D13FC0644C9C}.NET35|Any CPU.ActiveCfg = Release|Any CPU
		{5617DA2A-E03F-4E48-8150-D13FC0644C9C}.NET35|Any CPU.Build.0 = Release|Any CPU
		{5617DA2A-E03F-4E48-8150-D13FC0644C9C}.NET35|x64.ActiveCfg = Release|x64
		{5617DA2A-E03F-4E48-8150-D13FC0644C9C}.NET35|x64.Build.0 = Release|x64
		{5617DA2A-E03F-4E48-8150-D13FC0644C9C}.NET35|x86.ActiveCfg = Release|Any CPU
		{5617DA2A-E03F-4E48-8150-D13FC0644C9C}.NET35|x86.Build.0 = Release|Any CPU
		{5617DA2A-E03F-4E48-8150-D13FC0644C9C}.NET40|Any CPU.ActiveCfg = Release|Any CPU
		{5617DA2A-E03F-4E48-8150-D13FC0644C9C}.NET40|Any CPU.Build.0 = Release|Any CPU
		{5617DA2A-E03F-4E48-8150-D13FC0644C9C}.NET40|x64.ActiveCfg = Release|x64
		{5617DA2A-E03F-4E48-8150-D13FC0644C9C}.NET40|x64.Build.0 = Release|x64
		{5617DA2A-E03F-4E48-8150-D13FC0644C9C}.NET40|x86.ActiveCfg = Release|Any CPU
		{5617DA2A-E03F-4E48-8150-D13FC0644C9C}.NET40|x86.Build.0 = Release|Any CPU
		{5617DA2A-E03F-4E48-8150-D13FC0644C9C}.NET45|Any CPU.ActiveCfg = Release|Any CPU
		{5617DA2A-E03F-4E48-8150-D13FC0644C9C}.NET45|Any CPU.Build.0 = Release|Any CPU
		{5617DA2A-E03F-4E48-8150-D13FC0644C9C}.NET45|x64.ActiveCfg = Release|x64
		{5617DA2A-E03F-4E48-8150-D13FC0644C9C}.NET45|x64.Build.0 = Release|x64
		{5617DA2A-E03F-4E48-8150-D13FC0644C9C}.NET45|x86.ActiveCfg = Release|Any CPU
		{5617DA2A-E03F-4E48-8150-D13FC0644C9C}.NET45|x86.Build.0 = Release|Any CPU
		{5617DA2A-E03F-4E48-8150-D13FC0644C9C}.Release|Any CPU.ActiveCfg = Release|Any CPU
		{5617DA2A-E03F-4E48-8150-D13FC0644C9C}.Release|Any CPU.Build.0 = Release|Any CPU
		{5617DA2A-E03F-4E48-8150-D13FC0644C9C}.Release|x64.ActiveCfg = Release|x64
		{5617DA2A-E03F-4E48-8150-D13FC0644C9C}.Release|x64.Build.0 = Release|x64
		{5617DA2A-E03F-4E48-8150-D13FC0644C9C}.Release|x86.ActiveCfg = Release|Any CPU
		{5617DA2A-E03F-4E48-8150-D13FC0644C9C}.Release|x86.Build.0 = Release|Any CPU
		{E71FA28C-4F28-4AB9-AC98-0631C5462809}.Debug|Any CPU.ActiveCfg = Debug|Any CPU
		{E71FA28C-4F28-4AB9-AC98-0631C5462809}.Debug|Any CPU.Build.0 = Debug|Any CPU
		{E71FA28C-4F28-4AB9-AC98-0631C5462809}.Debug|x64.ActiveCfg = Debug|Any CPU
		{E71FA28C-4F28-4AB9-AC98-0631C5462809}.Debug|x64.Build.0 = Debug|Any CPU
		{E71FA28C-4F28-4AB9-AC98-0631C5462809}.Debug|x86.ActiveCfg = Debug|Any CPU
		{E71FA28C-4F28-4AB9-AC98-0631C5462809}.Debug|x86.Build.0 = Debug|Any CPU
		{E71FA28C-4F28-4AB9-AC98-0631C5462809}.NET35|Any CPU.ActiveCfg = Release|Any CPU
		{E71FA28C-4F28-4AB9-AC98-0631C5462809}.NET35|Any CPU.Build.0 = Release|Any CPU
		{E71FA28C-4F28-4AB9-AC98-0631C5462809}.NET35|x64.ActiveCfg = Release|Any CPU
		{E71FA28C-4F28-4AB9-AC98-0631C5462809}.NET35|x64.Build.0 = Release|Any CPU
		{E71FA28C-4F28-4AB9-AC98-0631C5462809}.NET35|x86.ActiveCfg = Release|Any CPU
		{E71FA28C-4F28-4AB9-AC98-0631C5462809}.NET35|x86.Build.0 = Release|Any CPU
		{E71FA28C-4F28-4AB9-AC98-0631C5462809}.NET40|Any CPU.ActiveCfg = Release|Any CPU
		{E71FA28C-4F28-4AB9-AC98-0631C5462809}.NET40|Any CPU.Build.0 = Release|Any CPU
		{E71FA28C-4F28-4AB9-AC98-0631C5462809}.NET40|x64.ActiveCfg = Release|Any CPU
		{E71FA28C-4F28-4AB9-AC98-0631C5462809}.NET40|x64.Build.0 = Release|Any CPU
		{E71FA28C-4F28-4AB9-AC98-0631C5462809}.NET40|x86.ActiveCfg = Release|Any CPU
		{E71FA28C-4F28-4AB9-AC98-0631C5462809}.NET40|x86.Build.0 = Release|Any CPU
		{E71FA28C-4F28-4AB9-AC98-0631C5462809}.NET45|Any CPU.ActiveCfg = Release|Any CPU
		{E71FA28C-4F28-4AB9-AC98-0631C5462809}.NET45|Any CPU.Build.0 = Release|Any CPU
		{E71FA28C-4F28-4AB9-AC98-0631C5462809}.NET45|x64.ActiveCfg = Release|Any CPU
		{E71FA28C-4F28-4AB9-AC98-0631C5462809}.NET45|x64.Build.0 = Release|Any CPU
		{E71FA28C-4F28-4AB9-AC98-0631C5462809}.NET45|x86.ActiveCfg = Release|Any CPU
		{E71FA28C-4F28-4AB9-AC98-0631C5462809}.NET45|x86.Build.0 = Release|Any CPU
		{E71FA28C-4F28-4AB9-AC98-0631C5462809}.Release|Any CPU.ActiveCfg = Release|Any CPU
		{E71FA28C-4F28-4AB9-AC98-0631C5462809}.Release|Any CPU.Build.0 = Release|Any CPU
		{E71FA28C-4F28-4AB9-AC98-0631C5462809}.Release|x64.ActiveCfg = Release|Any CPU
		{E71FA28C-4F28-4AB9-AC98-0631C5462809}.Release|x64.Build.0 = Release|Any CPU
		{E71FA28C-4F28-4AB9-AC98-0631C5462809}.Release|x86.ActiveCfg = Release|Any CPU
		{E71FA28C-4F28-4AB9-AC98-0631C5462809}.Release|x86.Build.0 = Release|Any CPU
		{8F02F4BA-834A-48DD-A59E-F9F58997777F}.Debug|Any CPU.ActiveCfg = Debug|Any CPU
		{8F02F4BA-834A-48DD-A59E-F9F58997777F}.Debug|Any CPU.Build.0 = Debug|Any CPU
		{8F02F4BA-834A-48DD-A59E-F9F58997777F}.Debug|x64.ActiveCfg = Debug|Any CPU
		{8F02F4BA-834A-48DD-A59E-F9F58997777F}.Debug|x64.Build.0 = Debug|Any CPU
		{8F02F4BA-834A-48DD-A59E-F9F58997777F}.Debug|x86.ActiveCfg = Debug|Any CPU
		{8F02F4BA-834A-48DD-A59E-F9F58997777F}.Debug|x86.Build.0 = Debug|Any CPU
		{8F02F4BA-834A-48DD-A59E-F9F58997777F}.NET35|Any CPU.ActiveCfg = Release|Any CPU
		{8F02F4BA-834A-48DD-A59E-F9F58997777F}.NET35|Any CPU.Build.0 = Release|Any CPU
		{8F02F4BA-834A-48DD-A59E-F9F58997777F}.NET35|x64.ActiveCfg = Release|Any CPU
		{8F02F4BA-834A-48DD-A59E-F9F58997777F}.NET35|x64.Build.0 = Release|Any CPU
		{8F02F4BA-834A-48DD-A59E-F9F58997777F}.NET35|x86.ActiveCfg = Release|Any CPU
		{8F02F4BA-834A-48DD-A59E-F9F58997777F}.NET35|x86.Build.0 = Release|Any CPU
		{8F02F4BA-834A-48DD-A59E-F9F58997777F}.NET40|Any CPU.ActiveCfg = Release|Any CPU
		{8F02F4BA-834A-48DD-A59E-F9F58997777F}.NET40|Any CPU.Build.0 = Release|Any CPU
		{8F02F4BA-834A-48DD-A59E-F9F58997777F}.NET40|x64.ActiveCfg = Release|Any CPU
		{8F02F4BA-834A-48DD-A59E-F9F58997777F}.NET40|x64.Build.0 = Release|Any CPU
		{8F02F4BA-834A-48DD-A59E-F9F58997777F}.NET40|x86.ActiveCfg = Release|Any CPU
		{8F02F4BA-834A-48DD-A59E-F9F58997777F}.NET40|x86.Build.0 = Release|Any CPU
		{8F02F4BA-834A-48DD-A59E-F9F58997777F}.NET45|Any CPU.ActiveCfg = Release|Any CPU
		{8F02F4BA-834A-48DD-A59E-F9F58997777F}.NET45|Any CPU.Build.0 = Release|Any CPU
		{8F02F4BA-834A-48DD-A59E-F9F58997777F}.NET45|x64.ActiveCfg = Release|Any CPU
		{8F02F4BA-834A-48DD-A59E-F9F58997777F}.NET45|x64.Build.0 = Release|Any CPU
		{8F02F4BA-834A-48DD-A59E-F9F58997777F}.NET45|x86.ActiveCfg = Release|Any CPU
		{8F02F4BA-834A-48DD-A59E-F9F58997777F}.NET45|x86.Build.0 = Release|Any CPU
		{8F02F4BA-834A-48DD-A59E-F9F58997777F}.Release|Any CPU.ActiveCfg = Release|Any CPU
		{8F02F4BA-834A-48DD-A59E-F9F58997777F}.Release|Any CPU.Build.0 = Release|Any CPU
		{8F02F4BA-834A-48DD-A59E-F9F58997777F}.Release|x64.ActiveCfg = Release|Any CPU
		{8F02F4BA-834A-48DD-A59E-F9F58997777F}.Release|x64.Build.0 = Release|Any CPU
		{8F02F4BA-834A-48DD-A59E-F9F58997777F}.Release|x86.ActiveCfg = Release|Any CPU
		{8F02F4BA-834A-48DD-A59E-F9F58997777F}.Release|x86.Build.0 = Release|Any CPU
		{E0B826AC-2A51-41EC-9F09-561CA14A82BB}.Debug|Any CPU.ActiveCfg = Debug|Any CPU
		{E0B826AC-2A51-41EC-9F09-561CA14A82BB}.Debug|Any CPU.Build.0 = Debug|Any CPU
		{E0B826AC-2A51-41EC-9F09-561CA14A82BB}.Debug|x64.ActiveCfg = Debug|Any CPU
		{E0B826AC-2A51-41EC-9F09-561CA14A82BB}.Debug|x64.Build.0 = Debug|Any CPU
		{E0B826AC-2A51-41EC-9F09-561CA14A82BB}.Debug|x86.ActiveCfg = Debug|Any CPU
		{E0B826AC-2A51-41EC-9F09-561CA14A82BB}.Debug|x86.Build.0 = Debug|Any CPU
		{E0B826AC-2A51-41EC-9F09-561CA14A82BB}.NET35|Any CPU.ActiveCfg = NET35|Any CPU
		{E0B826AC-2A51-41EC-9F09-561CA14A82BB}.NET35|Any CPU.Build.0 = NET35|Any CPU
		{E0B826AC-2A51-41EC-9F09-561CA14A82BB}.NET35|x64.ActiveCfg = NET35|Any CPU
		{E0B826AC-2A51-41EC-9F09-561CA14A82BB}.NET35|x64.Build.0 = NET35|Any CPU
		{E0B826AC-2A51-41EC-9F09-561CA14A82BB}.NET35|x86.ActiveCfg = NET35|Any CPU
		{E0B826AC-2A51-41EC-9F09-561CA14A82BB}.NET35|x86.Build.0 = NET35|Any CPU
		{E0B826AC-2A51-41EC-9F09-561CA14A82BB}.NET40|Any CPU.ActiveCfg = NET40|Any CPU
		{E0B826AC-2A51-41EC-9F09-561CA14A82BB}.NET40|Any CPU.Build.0 = NET40|Any CPU
		{E0B826AC-2A51-41EC-9F09-561CA14A82BB}.NET40|x64.ActiveCfg = NET40|Any CPU
		{E0B826AC-2A51-41EC-9F09-561CA14A82BB}.NET40|x64.Build.0 = NET40|Any CPU
		{E0B826AC-2A51-41EC-9F09-561CA14A82BB}.NET40|x86.ActiveCfg = NET40|Any CPU
		{E0B826AC-2A51-41EC-9F09-561CA14A82BB}.NET40|x86.Build.0 = NET40|Any CPU
		{E0B826AC-2A51-41EC-9F09-561CA14A82BB}.NET45|Any CPU.ActiveCfg = NET45|Any CPU
		{E0B826AC-2A51-41EC-9F09-561CA14A82BB}.NET45|Any CPU.Build.0 = NET45|Any CPU
		{E0B826AC-2A51-41EC-9F09-561CA14A82BB}.NET45|x64.ActiveCfg = NET45|Any CPU
		{E0B826AC-2A51-41EC-9F09-561CA14A82BB}.NET45|x64.Build.0 = NET45|Any CPU
		{E0B826AC-2A51-41EC-9F09-561CA14A82BB}.NET45|x86.ActiveCfg = NET45|Any CPU
		{E0B826AC-2A51-41EC-9F09-561CA14A82BB}.NET45|x86.Build.0 = NET45|Any CPU
		{E0B826AC-2A51-41EC-9F09-561CA14A82BB}.Release|Any CPU.ActiveCfg = NET45|Any CPU
		{E0B826AC-2A51-41EC-9F09-561CA14A82BB}.Release|Any CPU.Build.0 = NET45|Any CPU
		{E0B826AC-2A51-41EC-9F09-561CA14A82BB}.Release|x64.ActiveCfg = NET45|Any CPU
		{E0B826AC-2A51-41EC-9F09-561CA14A82BB}.Release|x64.Build.0 = NET45|Any CPU
		{E0B826AC-2A51-41EC-9F09-561CA14A82BB}.Release|x86.ActiveCfg = NET45|Any CPU
		{E0B826AC-2A51-41EC-9F09-561CA14A82BB}.Release|x86.Build.0 = NET45|Any CPU
		{E7B65F08-82F1-438F-847A-2AAC2BEC9AC0}.Debug|Any CPU.ActiveCfg = Debug|Any CPU
		{E7B65F08-82F1-438F-847A-2AAC2BEC9AC0}.Debug|Any CPU.Build.0 = Debug|Any CPU
		{E7B65F08-82F1-438F-847A-2AAC2BEC9AC0}.Debug|x64.ActiveCfg = Debug|Any CPU
		{E7B65F08-82F1-438F-847A-2AAC2BEC9AC0}.Debug|x64.Build.0 = Debug|Any CPU
		{E7B65F08-82F1-438F-847A-2AAC2BEC9AC0}.Debug|x86.ActiveCfg = Debug|Any CPU
		{E7B65F08-82F1-438F-847A-2AAC2BEC9AC0}.Debug|x86.Build.0 = Debug|Any CPU
		{E7B65F08-82F1-438F-847A-2AAC2BEC9AC0}.NET35|Any CPU.ActiveCfg = NET35|Any CPU
		{E7B65F08-82F1-438F-847A-2AAC2BEC9AC0}.NET35|Any CPU.Build.0 = NET35|Any CPU
		{E7B65F08-82F1-438F-847A-2AAC2BEC9AC0}.NET35|x64.ActiveCfg = NET35|Any CPU
		{E7B65F08-82F1-438F-847A-2AAC2BEC9AC0}.NET35|x64.Build.0 = NET35|Any CPU
		{E7B65F08-82F1-438F-847A-2AAC2BEC9AC0}.NET35|x86.ActiveCfg = NET35|Any CPU
		{E7B65F08-82F1-438F-847A-2AAC2BEC9AC0}.NET35|x86.Build.0 = NET35|Any CPU
		{E7B65F08-82F1-438F-847A-2AAC2BEC9AC0}.NET40|Any CPU.ActiveCfg = NET40|Any CPU
		{E7B65F08-82F1-438F-847A-2AAC2BEC9AC0}.NET40|Any CPU.Build.0 = NET40|Any CPU
		{E7B65F08-82F1-438F-847A-2AAC2BEC9AC0}.NET40|x64.ActiveCfg = NET40|Any CPU
		{E7B65F08-82F1-438F-847A-2AAC2BEC9AC0}.NET40|x64.Build.0 = NET40|Any CPU
		{E7B65F08-82F1-438F-847A-2AAC2BEC9AC0}.NET40|x86.ActiveCfg = NET40|Any CPU
		{E7B65F08-82F1-438F-847A-2AAC2BEC9AC0}.NET40|x86.Build.0 = NET40|Any CPU
		{E7B65F08-82F1-438F-847A-2AAC2BEC9AC0}.NET45|Any CPU.ActiveCfg = NET45|Any CPU
		{E7B65F08-82F1-438F-847A-2AAC2BEC9AC0}.NET45|Any CPU.Build.0 = NET45|Any CPU
		{E7B65F08-82F1-438F-847A-2AAC2BEC9AC0}.NET45|x64.ActiveCfg = NET45|Any CPU
		{E7B65F08-82F1-438F-847A-2AAC2BEC9AC0}.NET45|x64.Build.0 = NET45|Any CPU
		{E7B65F08-82F1-438F-847A-2AAC2BEC9AC0}.NET45|x86.ActiveCfg = NET45|Any CPU
		{E7B65F08-82F1-438F-847A-2AAC2BEC9AC0}.NET45|x86.Build.0 = NET45|Any CPU
		{E7B65F08-82F1-438F-847A-2AAC2BEC9AC0}.Release|Any CPU.ActiveCfg = NET45|Any CPU
		{E7B65F08-82F1-438F-847A-2AAC2BEC9AC0}.Release|Any CPU.Build.0 = NET45|Any CPU
		{E7B65F08-82F1-438F-847A-2AAC2BEC9AC0}.Release|x64.ActiveCfg = NET45|Any CPU
		{E7B65F08-82F1-438F-847A-2AAC2BEC9AC0}.Release|x64.Build.0 = NET45|Any CPU
		{E7B65F08-82F1-438F-847A-2AAC2BEC9AC0}.Release|x86.ActiveCfg = NET45|Any CPU
		{E7B65F08-82F1-438F-847A-2AAC2BEC9AC0}.Release|x86.Build.0 = NET45|Any CPU
		{CDBEFB1A-10BC-49EC-9833-D2CF6D4F6131}.Debug|Any CPU.ActiveCfg = Debug|Any CPU
		{CDBEFB1A-10BC-49EC-9833-D2CF6D4F6131}.Debug|Any CPU.Build.0 = Debug|Any CPU
		{CDBEFB1A-10BC-49EC-9833-D2CF6D4F6131}.Debug|x64.ActiveCfg = Debug|Any CPU
		{CDBEFB1A-10BC-49EC-9833-D2CF6D4F6131}.Debug|x64.Build.0 = Debug|Any CPU
		{CDBEFB1A-10BC-49EC-9833-D2CF6D4F6131}.Debug|x86.ActiveCfg = Debug|Any CPU
		{CDBEFB1A-10BC-49EC-9833-D2CF6D4F6131}.Debug|x86.Build.0 = Debug|Any CPU
		{CDBEFB1A-10BC-49EC-9833-D2CF6D4F6131}.NET35|Any CPU.ActiveCfg = NET35|Any CPU
		{CDBEFB1A-10BC-49EC-9833-D2CF6D4F6131}.NET35|Any CPU.Build.0 = NET35|Any CPU
		{CDBEFB1A-10BC-49EC-9833-D2CF6D4F6131}.NET35|x64.ActiveCfg = NET35|Any CPU
		{CDBEFB1A-10BC-49EC-9833-D2CF6D4F6131}.NET35|x64.Build.0 = NET35|Any CPU
		{CDBEFB1A-10BC-49EC-9833-D2CF6D4F6131}.NET35|x86.ActiveCfg = NET35|Any CPU
		{CDBEFB1A-10BC-49EC-9833-D2CF6D4F6131}.NET35|x86.Build.0 = NET35|Any CPU
		{CDBEFB1A-10BC-49EC-9833-D2CF6D4F6131}.NET40|Any CPU.ActiveCfg = NET40|Any CPU
		{CDBEFB1A-10BC-49EC-9833-D2CF6D4F6131}.NET40|Any CPU.Build.0 = NET40|Any CPU
		{CDBEFB1A-10BC-49EC-9833-D2CF6D4F6131}.NET40|x64.ActiveCfg = NET40|Any CPU
		{CDBEFB1A-10BC-49EC-9833-D2CF6D4F6131}.NET40|x64.Build.0 = NET40|Any CPU
		{CDBEFB1A-10BC-49EC-9833-D2CF6D4F6131}.NET40|x86.ActiveCfg = NET40|Any CPU
		{CDBEFB1A-10BC-49EC-9833-D2CF6D4F6131}.NET40|x86.Build.0 = NET40|Any CPU
		{CDBEFB1A-10BC-49EC-9833-D2CF6D4F6131}.NET45|Any CPU.ActiveCfg = NET45|Any CPU
		{CDBEFB1A-10BC-49EC-9833-D2CF6D4F6131}.NET45|Any CPU.Build.0 = NET45|Any CPU
		{CDBEFB1A-10BC-49EC-9833-D2CF6D4F6131}.NET45|x64.ActiveCfg = NET45|Any CPU
		{CDBEFB1A-10BC-49EC-9833-D2CF6D4F6131}.NET45|x64.Build.0 = NET45|Any CPU
		{CDBEFB1A-10BC-49EC-9833-D2CF6D4F6131}.NET45|x86.ActiveCfg = NET45|Any CPU
		{CDBEFB1A-10BC-49EC-9833-D2CF6D4F6131}.NET45|x86.Build.0 = NET45|Any CPU
		{CDBEFB1A-10BC-49EC-9833-D2CF6D4F6131}.Release|Any CPU.ActiveCfg = NET45|Any CPU
		{CDBEFB1A-10BC-49EC-9833-D2CF6D4F6131}.Release|Any CPU.Build.0 = NET45|Any CPU
		{CDBEFB1A-10BC-49EC-9833-D2CF6D4F6131}.Release|x64.ActiveCfg = NET45|Any CPU
		{CDBEFB1A-10BC-49EC-9833-D2CF6D4F6131}.Release|x64.Build.0 = NET45|Any CPU
		{CDBEFB1A-10BC-49EC-9833-D2CF6D4F6131}.Release|x86.ActiveCfg = NET45|Any CPU
		{CDBEFB1A-10BC-49EC-9833-D2CF6D4F6131}.Release|x86.Build.0 = NET45|Any CPU
		{F718E9A8-DB62-4785-8C49-4333A60D256A}.Debug|Any CPU.ActiveCfg = Debug|Any CPU
		{F718E9A8-DB62-4785-8C49-4333A60D256A}.Debug|Any CPU.Build.0 = Debug|Any CPU
		{F718E9A8-DB62-4785-8C49-4333A60D256A}.Debug|x64.ActiveCfg = Debug|Any CPU
		{F718E9A8-DB62-4785-8C49-4333A60D256A}.Debug|x64.Build.0 = Debug|Any CPU
		{F718E9A8-DB62-4785-8C49-4333A60D256A}.Debug|x86.ActiveCfg = Debug|Any CPU
		{F718E9A8-DB62-4785-8C49-4333A60D256A}.Debug|x86.Build.0 = Debug|Any CPU
		{F718E9A8-DB62-4785-8C49-4333A60D256A}.NET35|Any CPU.ActiveCfg = NET35|Any CPU
		{F718E9A8-DB62-4785-8C49-4333A60D256A}.NET35|Any CPU.Build.0 = NET35|Any CPU
		{F718E9A8-DB62-4785-8C49-4333A60D256A}.NET35|x64.ActiveCfg = NET35|Any CPU
		{F718E9A8-DB62-4785-8C49-4333A60D256A}.NET35|x64.Build.0 = NET35|Any CPU
		{F718E9A8-DB62-4785-8C49-4333A60D256A}.NET35|x86.ActiveCfg = NET35|Any CPU
		{F718E9A8-DB62-4785-8C49-4333A60D256A}.NET35|x86.Build.0 = NET35|Any CPU
		{F718E9A8-DB62-4785-8C49-4333A60D256A}.NET40|Any CPU.ActiveCfg = NET40|Any CPU
		{F718E9A8-DB62-4785-8C49-4333A60D256A}.NET40|Any CPU.Build.0 = NET40|Any CPU
		{F718E9A8-DB62-4785-8C49-4333A60D256A}.NET40|x64.ActiveCfg = NET40|Any CPU
		{F718E9A8-DB62-4785-8C49-4333A60D256A}.NET40|x64.Build.0 = NET40|Any CPU
		{F718E9A8-DB62-4785-8C49-4333A60D256A}.NET40|x86.ActiveCfg = NET40|Any CPU
		{F718E9A8-DB62-4785-8C49-4333A60D256A}.NET40|x86.Build.0 = NET40|Any CPU
		{F718E9A8-DB62-4785-8C49-4333A60D256A}.NET45|Any CPU.ActiveCfg = NET45|Any CPU
		{F718E9A8-DB62-4785-8C49-4333A60D256A}.NET45|Any CPU.Build.0 = NET45|Any CPU
		{F718E9A8-DB62-4785-8C49-4333A60D256A}.NET45|x64.ActiveCfg = NET45|Any CPU
		{F718E9A8-DB62-4785-8C49-4333A60D256A}.NET45|x64.Build.0 = NET45|Any CPU
		{F718E9A8-DB62-4785-8C49-4333A60D256A}.NET45|x86.ActiveCfg = NET45|Any CPU
		{F718E9A8-DB62-4785-8C49-4333A60D256A}.NET45|x86.Build.0 = NET45|Any CPU
		{F718E9A8-DB62-4785-8C49-4333A60D256A}.Release|Any CPU.ActiveCfg = NET45|Any CPU
		{F718E9A8-DB62-4785-8C49-4333A60D256A}.Release|Any CPU.Build.0 = NET45|Any CPU
		{F718E9A8-DB62-4785-8C49-4333A60D256A}.Release|x64.ActiveCfg = NET45|Any CPU
		{F718E9A8-DB62-4785-8C49-4333A60D256A}.Release|x64.Build.0 = NET45|Any CPU
		{F718E9A8-DB62-4785-8C49-4333A60D256A}.Release|x86.ActiveCfg = NET45|Any CPU
		{F718E9A8-DB62-4785-8C49-4333A60D256A}.Release|x86.Build.0 = NET45|Any CPU
		{FD8101DD-C95D-42D6-AD44-AE01C25F2811}.Debug|Any CPU.ActiveCfg = Debug|Any CPU
		{FD8101DD-C95D-42D6-AD44-AE01C25F2811}.Debug|Any CPU.Build.0 = Debug|Any CPU
		{FD8101DD-C95D-42D6-AD44-AE01C25F2811}.Debug|x64.ActiveCfg = Debug|Any CPU
		{FD8101DD-C95D-42D6-AD44-AE01C25F2811}.Debug|x64.Build.0 = Debug|Any CPU
		{FD8101DD-C95D-42D6-AD44-AE01C25F2811}.Debug|x86.ActiveCfg = Debug|Any CPU
		{FD8101DD-C95D-42D6-AD44-AE01C25F2811}.Debug|x86.Build.0 = Debug|Any CPU
		{FD8101DD-C95D-42D6-AD44-AE01C25F2811}.NET35|Any CPU.ActiveCfg = NET35|Any CPU
		{FD8101DD-C95D-42D6-AD44-AE01C25F2811}.NET35|Any CPU.Build.0 = NET35|Any CPU
		{FD8101DD-C95D-42D6-AD44-AE01C25F2811}.NET35|x64.ActiveCfg = NET35|Any CPU
		{FD8101DD-C95D-42D6-AD44-AE01C25F2811}.NET35|x64.Build.0 = NET35|Any CPU
		{FD8101DD-C95D-42D6-AD44-AE01C25F2811}.NET35|x86.ActiveCfg = NET35|Any CPU
		{FD8101DD-C95D-42D6-AD44-AE01C25F2811}.NET35|x86.Build.0 = NET35|Any CPU
		{FD8101DD-C95D-42D6-AD44-AE01C25F2811}.NET40|Any CPU.ActiveCfg = NET40|Any CPU
		{FD8101DD-C95D-42D6-AD44-AE01C25F2811}.NET40|Any CPU.Build.0 = NET40|Any CPU
		{FD8101DD-C95D-42D6-AD44-AE01C25F2811}.NET40|x64.ActiveCfg = NET40|Any CPU
		{FD8101DD-C95D-42D6-AD44-AE01C25F2811}.NET40|x64.Build.0 = NET40|Any CPU
		{FD8101DD-C95D-42D6-AD44-AE01C25F2811}.NET40|x86.ActiveCfg = NET40|Any CPU
		{FD8101DD-C95D-42D6-AD44-AE01C25F2811}.NET40|x86.Build.0 = NET40|Any CPU
		{FD8101DD-C95D-42D6-AD44-AE01C25F2811}.NET45|Any CPU.ActiveCfg = NET45|Any CPU
		{FD8101DD-C95D-42D6-AD44-AE01C25F2811}.NET45|Any CPU.Build.0 = NET45|Any CPU
		{FD8101DD-C95D-42D6-AD44-AE01C25F2811}.NET45|x64.ActiveCfg = NET45|Any CPU
		{FD8101DD-C95D-42D6-AD44-AE01C25F2811}.NET45|x64.Build.0 = NET45|Any CPU
		{FD8101DD-C95D-42D6-AD44-AE01C25F2811}.NET45|x86.ActiveCfg = NET45|Any CPU
		{FD8101DD-C95D-42D6-AD44-AE01C25F2811}.NET45|x86.Build.0 = NET45|Any CPU
		{FD8101DD-C95D-42D6-AD44-AE01C25F2811}.Release|Any CPU.ActiveCfg = NET45|Any CPU
		{FD8101DD-C95D-42D6-AD44-AE01C25F2811}.Release|Any CPU.Build.0 = NET45|Any CPU
		{FD8101DD-C95D-42D6-AD44-AE01C25F2811}.Release|x64.ActiveCfg = NET45|Any CPU
		{FD8101DD-C95D-42D6-AD44-AE01C25F2811}.Release|x64.Build.0 = NET45|Any CPU
		{FD8101DD-C95D-42D6-AD44-AE01C25F2811}.Release|x86.ActiveCfg = NET45|Any CPU
		{FD8101DD-C95D-42D6-AD44-AE01C25F2811}.Release|x86.Build.0 = NET45|Any CPU
		{179F3045-8757-4F4B-9508-F48327BA11E3}.Debug|Any CPU.ActiveCfg = Debug|Any CPU
		{179F3045-8757-4F4B-9508-F48327BA11E3}.Debug|Any CPU.Build.0 = Debug|Any CPU
		{179F3045-8757-4F4B-9508-F48327BA11E3}.Debug|x64.ActiveCfg = Debug|Any CPU
		{179F3045-8757-4F4B-9508-F48327BA11E3}.Debug|x64.Build.0 = Debug|Any CPU
		{179F3045-8757-4F4B-9508-F48327BA11E3}.Debug|x86.ActiveCfg = Debug|Any CPU
		{179F3045-8757-4F4B-9508-F48327BA11E3}.Debug|x86.Build.0 = Debug|Any CPU
		{179F3045-8757-4F4B-9508-F48327BA11E3}.NET35|Any CPU.ActiveCfg = NET35|Any CPU
		{179F3045-8757-4F4B-9508-F48327BA11E3}.NET35|Any CPU.Build.0 = NET35|Any CPU
		{179F3045-8757-4F4B-9508-F48327BA11E3}.NET35|x64.ActiveCfg = NET35|Any CPU
		{179F3045-8757-4F4B-9508-F48327BA11E3}.NET35|x64.Build.0 = NET35|Any CPU
		{179F3045-8757-4F4B-9508-F48327BA11E3}.NET35|x86.ActiveCfg = NET35|Any CPU
		{179F3045-8757-4F4B-9508-F48327BA11E3}.NET35|x86.Build.0 = NET35|Any CPU
		{179F3045-8757-4F4B-9508-F48327BA11E3}.NET40|Any CPU.ActiveCfg = NET40|Any CPU
		{179F3045-8757-4F4B-9508-F48327BA11E3}.NET40|Any CPU.Build.0 = NET40|Any CPU
		{179F3045-8757-4F4B-9508-F48327BA11E3}.NET40|x64.ActiveCfg = NET40|Any CPU
		{179F3045-8757-4F4B-9508-F48327BA11E3}.NET40|x64.Build.0 = NET40|Any CPU
		{179F3045-8757-4F4B-9508-F48327BA11E3}.NET40|x86.ActiveCfg = NET40|Any CPU
		{179F3045-8757-4F4B-9508-F48327BA11E3}.NET40|x86.Build.0 = NET40|Any CPU
		{179F3045-8757-4F4B-9508-F48327BA11E3}.NET45|Any CPU.ActiveCfg = NET45|Any CPU
		{179F3045-8757-4F4B-9508-F48327BA11E3}.NET45|Any CPU.Build.0 = NET45|Any CPU
		{179F3045-8757-4F4B-9508-F48327BA11E3}.NET45|x64.ActiveCfg = NET45|Any CPU
		{179F3045-8757-4F4B-9508-F48327BA11E3}.NET45|x64.Build.0 = NET45|Any CPU
		{179F3045-8757-4F4B-9508-F48327BA11E3}.NET45|x86.ActiveCfg = NET45|Any CPU
		{179F3045-8757-4F4B-9508-F48327BA11E3}.NET45|x86.Build.0 = NET45|Any CPU
		{179F3045-8757-4F4B-9508-F48327BA11E3}.Release|Any CPU.ActiveCfg = NET45|Any CPU
		{179F3045-8757-4F4B-9508-F48327BA11E3}.Release|Any CPU.Build.0 = NET45|Any CPU
		{179F3045-8757-4F4B-9508-F48327BA11E3}.Release|x64.ActiveCfg = NET45|Any CPU
		{179F3045-8757-4F4B-9508-F48327BA11E3}.Release|x64.Build.0 = NET45|Any CPU
		{179F3045-8757-4F4B-9508-F48327BA11E3}.Release|x86.ActiveCfg = NET45|Any CPU
		{179F3045-8757-4F4B-9508-F48327BA11E3}.Release|x86.Build.0 = NET45|Any CPU
		{0AB27A20-925C-4556-9FA4-6E2C109E448E}.Debug|Any CPU.ActiveCfg = Debug|Any CPU
		{0AB27A20-925C-4556-9FA4-6E2C109E448E}.Debug|Any CPU.Build.0 = Debug|Any CPU
		{0AB27A20-925C-4556-9FA4-6E2C109E448E}.Debug|x64.ActiveCfg = Debug|Any CPU
		{0AB27A20-925C-4556-9FA4-6E2C109E448E}.Debug|x64.Build.0 = Debug|Any CPU
		{0AB27A20-925C-4556-9FA4-6E2C109E448E}.Debug|x86.ActiveCfg = Debug|Any CPU
		{0AB27A20-925C-4556-9FA4-6E2C109E448E}.Debug|x86.Build.0 = Debug|Any CPU
		{0AB27A20-925C-4556-9FA4-6E2C109E448E}.NET35|Any CPU.ActiveCfg = NET35|Any CPU
		{0AB27A20-925C-4556-9FA4-6E2C109E448E}.NET35|Any CPU.Build.0 = NET35|Any CPU
		{0AB27A20-925C-4556-9FA4-6E2C109E448E}.NET35|x64.ActiveCfg = NET35|Any CPU
		{0AB27A20-925C-4556-9FA4-6E2C109E448E}.NET35|x64.Build.0 = NET35|Any CPU
		{0AB27A20-925C-4556-9FA4-6E2C109E448E}.NET35|x86.ActiveCfg = NET35|Any CPU
		{0AB27A20-925C-4556-9FA4-6E2C109E448E}.NET35|x86.Build.0 = NET35|Any CPU
		{0AB27A20-925C-4556-9FA4-6E2C109E448E}.NET40|Any CPU.ActiveCfg = NET40|Any CPU
		{0AB27A20-925C-4556-9FA4-6E2C109E448E}.NET40|Any CPU.Build.0 = NET40|Any CPU
		{0AB27A20-925C-4556-9FA4-6E2C109E448E}.NET40|x64.ActiveCfg = NET40|Any CPU
		{0AB27A20-925C-4556-9FA4-6E2C109E448E}.NET40|x64.Build.0 = NET40|Any CPU
		{0AB27A20-925C-4556-9FA4-6E2C109E448E}.NET40|x86.ActiveCfg = NET40|Any CPU
		{0AB27A20-925C-4556-9FA4-6E2C109E448E}.NET40|x86.Build.0 = NET40|Any CPU
		{0AB27A20-925C-4556-9FA4-6E2C109E448E}.NET45|Any CPU.ActiveCfg = NET45|Any CPU
		{0AB27A20-925C-4556-9FA4-6E2C109E448E}.NET45|Any CPU.Build.0 = NET45|Any CPU
		{0AB27A20-925C-4556-9FA4-6E2C109E448E}.NET45|x64.ActiveCfg = NET45|Any CPU
		{0AB27A20-925C-4556-9FA4-6E2C109E448E}.NET45|x64.Build.0 = NET45|Any CPU
		{0AB27A20-925C-4556-9FA4-6E2C109E448E}.NET45|x86.ActiveCfg = NET45|Any CPU
		{0AB27A20-925C-4556-9FA4-6E2C109E448E}.NET45|x86.Build.0 = NET45|Any CPU
		{0AB27A20-925C-4556-9FA4-6E2C109E448E}.Release|Any CPU.ActiveCfg = NET45|Any CPU
		{0AB27A20-925C-4556-9FA4-6E2C109E448E}.Release|Any CPU.Build.0 = NET45|Any CPU
		{0AB27A20-925C-4556-9FA4-6E2C109E448E}.Release|x64.ActiveCfg = NET45|Any CPU
		{0AB27A20-925C-4556-9FA4-6E2C109E448E}.Release|x64.Build.0 = NET45|Any CPU
		{0AB27A20-925C-4556-9FA4-6E2C109E448E}.Release|x86.ActiveCfg = NET45|Any CPU
		{0AB27A20-925C-4556-9FA4-6E2C109E448E}.Release|x86.Build.0 = NET45|Any CPU
		{4959A83D-F78F-439E-80A5-41583ECEAAC6}.Debug|Any CPU.ActiveCfg = Debug|Any CPU
		{4959A83D-F78F-439E-80A5-41583ECEAAC6}.Debug|Any CPU.Build.0 = Debug|Any CPU
		{4959A83D-F78F-439E-80A5-41583ECEAAC6}.Debug|x64.ActiveCfg = Debug|Any CPU
		{4959A83D-F78F-439E-80A5-41583ECEAAC6}.Debug|x64.Build.0 = Debug|Any CPU
		{4959A83D-F78F-439E-80A5-41583ECEAAC6}.Debug|x86.ActiveCfg = Debug|Any CPU
		{4959A83D-F78F-439E-80A5-41583ECEAAC6}.Debug|x86.Build.0 = Debug|Any CPU
		{4959A83D-F78F-439E-80A5-41583ECEAAC6}.NET35|Any CPU.ActiveCfg = NET35|Any CPU
		{4959A83D-F78F-439E-80A5-41583ECEAAC6}.NET35|Any CPU.Build.0 = NET35|Any CPU
		{4959A83D-F78F-439E-80A5-41583ECEAAC6}.NET35|x64.ActiveCfg = NET35|Any CPU
		{4959A83D-F78F-439E-80A5-41583ECEAAC6}.NET35|x64.Build.0 = NET35|Any CPU
		{4959A83D-F78F-439E-80A5-41583ECEAAC6}.NET35|x86.ActiveCfg = NET35|Any CPU
		{4959A83D-F78F-439E-80A5-41583ECEAAC6}.NET35|x86.Build.0 = NET35|Any CPU
		{4959A83D-F78F-439E-80A5-41583ECEAAC6}.NET40|Any CPU.ActiveCfg = NET40|Any CPU
		{4959A83D-F78F-439E-80A5-41583ECEAAC6}.NET40|Any CPU.Build.0 = NET40|Any CPU
		{4959A83D-F78F-439E-80A5-41583ECEAAC6}.NET40|x64.ActiveCfg = NET40|Any CPU
		{4959A83D-F78F-439E-80A5-41583ECEAAC6}.NET40|x64.Build.0 = NET40|Any CPU
		{4959A83D-F78F-439E-80A5-41583ECEAAC6}.NET40|x86.ActiveCfg = NET40|Any CPU
		{4959A83D-F78F-439E-80A5-41583ECEAAC6}.NET40|x86.Build.0 = NET40|Any CPU
		{4959A83D-F78F-439E-80A5-41583ECEAAC6}.NET45|Any CPU.ActiveCfg = NET45|Any CPU
		{4959A83D-F78F-439E-80A5-41583ECEAAC6}.NET45|Any CPU.Build.0 = NET45|Any CPU
		{4959A83D-F78F-439E-80A5-41583ECEAAC6}.NET45|x64.ActiveCfg = NET45|Any CPU
		{4959A83D-F78F-439E-80A5-41583ECEAAC6}.NET45|x64.Build.0 = NET45|Any CPU
		{4959A83D-F78F-439E-80A5-41583ECEAAC6}.NET45|x86.ActiveCfg = NET45|Any CPU
		{4959A83D-F78F-439E-80A5-41583ECEAAC6}.NET45|x86.Build.0 = NET45|Any CPU
		{4959A83D-F78F-439E-80A5-41583ECEAAC6}.Release|Any CPU.ActiveCfg = NET45|Any CPU
		{4959A83D-F78F-439E-80A5-41583ECEAAC6}.Release|Any CPU.Build.0 = NET45|Any CPU
		{4959A83D-F78F-439E-80A5-41583ECEAAC6}.Release|x64.ActiveCfg = NET45|Any CPU
		{4959A83D-F78F-439E-80A5-41583ECEAAC6}.Release|x64.Build.0 = NET45|Any CPU
		{4959A83D-F78F-439E-80A5-41583ECEAAC6}.Release|x86.ActiveCfg = NET45|Any CPU
		{4959A83D-F78F-439E-80A5-41583ECEAAC6}.Release|x86.Build.0 = NET45|Any CPU
		{7AB4BBCC-6222-423D-9FF9-BA9CB7C09199}.Debug|Any CPU.ActiveCfg = Debug|Any CPU
		{7AB4BBCC-6222-423D-9FF9-BA9CB7C09199}.Debug|Any CPU.Build.0 = Debug|Any CPU
		{7AB4BBCC-6222-423D-9FF9-BA9CB7C09199}.Debug|x64.ActiveCfg = Debug|Any CPU
		{7AB4BBCC-6222-423D-9FF9-BA9CB7C09199}.Debug|x64.Build.0 = Debug|Any CPU
		{7AB4BBCC-6222-423D-9FF9-BA9CB7C09199}.Debug|x86.ActiveCfg = Debug|Any CPU
		{7AB4BBCC-6222-423D-9FF9-BA9CB7C09199}.Debug|x86.Build.0 = Debug|Any CPU
		{7AB4BBCC-6222-423D-9FF9-BA9CB7C09199}.NET35|Any CPU.ActiveCfg = NET35|Any CPU
		{7AB4BBCC-6222-423D-9FF9-BA9CB7C09199}.NET35|Any CPU.Build.0 = NET35|Any CPU
		{7AB4BBCC-6222-423D-9FF9-BA9CB7C09199}.NET35|x64.ActiveCfg = NET35|Any CPU
		{7AB4BBCC-6222-423D-9FF9-BA9CB7C09199}.NET35|x64.Build.0 = NET35|Any CPU
		{7AB4BBCC-6222-423D-9FF9-BA9CB7C09199}.NET35|x86.ActiveCfg = NET35|Any CPU
		{7AB4BBCC-6222-423D-9FF9-BA9CB7C09199}.NET35|x86.Build.0 = NET35|Any CPU
		{7AB4BBCC-6222-423D-9FF9-BA9CB7C09199}.NET40|Any CPU.ActiveCfg = NET40|Any CPU
		{7AB4BBCC-6222-423D-9FF9-BA9CB7C09199}.NET40|Any CPU.Build.0 = NET40|Any CPU
		{7AB4BBCC-6222-423D-9FF9-BA9CB7C09199}.NET40|x64.ActiveCfg = NET40|Any CPU
		{7AB4BBCC-6222-423D-9FF9-BA9CB7C09199}.NET40|x64.Build.0 = NET40|Any CPU
		{7AB4BBCC-6222-423D-9FF9-BA9CB7C09199}.NET40|x86.ActiveCfg = NET40|Any CPU
		{7AB4BBCC-6222-423D-9FF9-BA9CB7C09199}.NET40|x86.Build.0 = NET40|Any CPU
		{7AB4BBCC-6222-423D-9FF9-BA9CB7C09199}.NET45|Any CPU.ActiveCfg = NET45|Any CPU
		{7AB4BBCC-6222-423D-9FF9-BA9CB7C09199}.NET45|Any CPU.Build.0 = NET45|Any CPU
		{7AB4BBCC-6222-423D-9FF9-BA9CB7C09199}.NET45|x64.ActiveCfg = NET45|Any CPU
		{7AB4BBCC-6222-423D-9FF9-BA9CB7C09199}.NET45|x64.Build.0 = NET45|Any CPU
		{7AB4BBCC-6222-423D-9FF9-BA9CB7C09199}.NET45|x86.ActiveCfg = NET45|Any CPU
		{7AB4BBCC-6222-423D-9FF9-BA9CB7C09199}.NET45|x86.Build.0 = NET45|Any CPU
		{7AB4BBCC-6222-423D-9FF9-BA9CB7C09199}.Release|Any CPU.ActiveCfg = NET45|Any CPU
		{7AB4BBCC-6222-423D-9FF9-BA9CB7C09199}.Release|Any CPU.Build.0 = NET45|Any CPU
		{7AB4BBCC-6222-423D-9FF9-BA9CB7C09199}.Release|x64.ActiveCfg = NET45|Any CPU
		{7AB4BBCC-6222-423D-9FF9-BA9CB7C09199}.Release|x64.Build.0 = NET45|Any CPU
		{7AB4BBCC-6222-423D-9FF9-BA9CB7C09199}.Release|x86.ActiveCfg = NET45|Any CPU
		{7AB4BBCC-6222-423D-9FF9-BA9CB7C09199}.Release|x86.Build.0 = NET45|Any CPU
		{E1089999-EAED-4E55-AC47-B6A196DF84FC}.Debug|Any CPU.ActiveCfg = Debug|Any CPU
		{E1089999-EAED-4E55-AC47-B6A196DF84FC}.Debug|Any CPU.Build.0 = Debug|Any CPU
		{E1089999-EAED-4E55-AC47-B6A196DF84FC}.Debug|x64.ActiveCfg = Debug|Any CPU
		{E1089999-EAED-4E55-AC47-B6A196DF84FC}.Debug|x64.Build.0 = Debug|Any CPU
		{E1089999-EAED-4E55-AC47-B6A196DF84FC}.Debug|x86.ActiveCfg = Debug|Any CPU
		{E1089999-EAED-4E55-AC47-B6A196DF84FC}.Debug|x86.Build.0 = Debug|Any CPU
		{E1089999-EAED-4E55-AC47-B6A196DF84FC}.NET35|Any CPU.ActiveCfg = NET35|Any CPU
		{E1089999-EAED-4E55-AC47-B6A196DF84FC}.NET35|Any CPU.Build.0 = NET35|Any CPU
		{E1089999-EAED-4E55-AC47-B6A196DF84FC}.NET35|x64.ActiveCfg = NET35|Any CPU
		{E1089999-EAED-4E55-AC47-B6A196DF84FC}.NET35|x64.Build.0 = NET35|Any CPU
		{E1089999-EAED-4E55-AC47-B6A196DF84FC}.NET35|x86.ActiveCfg = NET35|Any CPU
		{E1089999-EAED-4E55-AC47-B6A196DF84FC}.NET35|x86.Build.0 = NET35|Any CPU
		{E1089999-EAED-4E55-AC47-B6A196DF84FC}.NET40|Any CPU.ActiveCfg = NET40|Any CPU
		{E1089999-EAED-4E55-AC47-B6A196DF84FC}.NET40|Any CPU.Build.0 = NET40|Any CPU
		{E1089999-EAED-4E55-AC47-B6A196DF84FC}.NET40|x64.ActiveCfg = NET40|Any CPU
		{E1089999-EAED-4E55-AC47-B6A196DF84FC}.NET40|x64.Build.0 = NET40|Any CPU
		{E1089999-EAED-4E55-AC47-B6A196DF84FC}.NET40|x86.ActiveCfg = NET40|Any CPU
		{E1089999-EAED-4E55-AC47-B6A196DF84FC}.NET40|x86.Build.0 = NET40|Any CPU
		{E1089999-EAED-4E55-AC47-B6A196DF84FC}.NET45|Any CPU.ActiveCfg = NET45|Any CPU
		{E1089999-EAED-4E55-AC47-B6A196DF84FC}.NET45|Any CPU.Build.0 = NET45|Any CPU
		{E1089999-EAED-4E55-AC47-B6A196DF84FC}.NET45|x64.ActiveCfg = NET45|Any CPU
		{E1089999-EAED-4E55-AC47-B6A196DF84FC}.NET45|x64.Build.0 = NET45|Any CPU
		{E1089999-EAED-4E55-AC47-B6A196DF84FC}.NET45|x86.ActiveCfg = NET45|Any CPU
		{E1089999-EAED-4E55-AC47-B6A196DF84FC}.NET45|x86.Build.0 = NET45|Any CPU
		{E1089999-EAED-4E55-AC47-B6A196DF84FC}.Release|Any CPU.ActiveCfg = NET45|Any CPU
		{E1089999-EAED-4E55-AC47-B6A196DF84FC}.Release|Any CPU.Build.0 = NET45|Any CPU
		{E1089999-EAED-4E55-AC47-B6A196DF84FC}.Release|x64.ActiveCfg = NET45|Any CPU
		{E1089999-EAED-4E55-AC47-B6A196DF84FC}.Release|x64.Build.0 = NET45|Any CPU
		{E1089999-EAED-4E55-AC47-B6A196DF84FC}.Release|x86.ActiveCfg = NET45|Any CPU
		{E1089999-EAED-4E55-AC47-B6A196DF84FC}.Release|x86.Build.0 = NET45|Any CPU
		{C70A159D-74A4-405F-9A7F-C17ACF451CCA}.Debug|Any CPU.ActiveCfg = Debug|Any CPU
		{C70A159D-74A4-405F-9A7F-C17ACF451CCA}.Debug|Any CPU.Build.0 = Debug|Any CPU
		{C70A159D-74A4-405F-9A7F-C17ACF451CCA}.Debug|x64.ActiveCfg = Debug|Any CPU
		{C70A159D-74A4-405F-9A7F-C17ACF451CCA}.Debug|x64.Build.0 = Debug|Any CPU
		{C70A159D-74A4-405F-9A7F-C17ACF451CCA}.Debug|x86.ActiveCfg = Debug|Any CPU
		{C70A159D-74A4-405F-9A7F-C17ACF451CCA}.Debug|x86.Build.0 = Debug|Any CPU
		{C70A159D-74A4-405F-9A7F-C17ACF451CCA}.NET35|Any CPU.ActiveCfg = NET35|Any CPU
		{C70A159D-74A4-405F-9A7F-C17ACF451CCA}.NET35|Any CPU.Build.0 = NET35|Any CPU
		{C70A159D-74A4-405F-9A7F-C17ACF451CCA}.NET35|x64.ActiveCfg = NET35|Any CPU
		{C70A159D-74A4-405F-9A7F-C17ACF451CCA}.NET35|x64.Build.0 = NET35|Any CPU
		{C70A159D-74A4-405F-9A7F-C17ACF451CCA}.NET35|x86.ActiveCfg = NET35|Any CPU
		{C70A159D-74A4-405F-9A7F-C17ACF451CCA}.NET35|x86.Build.0 = NET35|Any CPU
		{C70A159D-74A4-405F-9A7F-C17ACF451CCA}.NET40|Any CPU.ActiveCfg = NET40|Any CPU
		{C70A159D-74A4-405F-9A7F-C17ACF451CCA}.NET40|Any CPU.Build.0 = NET40|Any CPU
		{C70A159D-74A4-405F-9A7F-C17ACF451CCA}.NET40|x64.ActiveCfg = NET40|Any CPU
		{C70A159D-74A4-405F-9A7F-C17ACF451CCA}.NET40|x64.Build.0 = NET40|Any CPU
		{C70A159D-74A4-405F-9A7F-C17ACF451CCA}.NET40|x86.ActiveCfg = NET40|Any CPU
		{C70A159D-74A4-405F-9A7F-C17ACF451CCA}.NET40|x86.Build.0 = NET40|Any CPU
		{C70A159D-74A4-405F-9A7F-C17ACF451CCA}.NET45|Any CPU.ActiveCfg = NET45|Any CPU
		{C70A159D-74A4-405F-9A7F-C17ACF451CCA}.NET45|Any CPU.Build.0 = NET45|Any CPU
		{C70A159D-74A4-405F-9A7F-C17ACF451CCA}.NET45|x64.ActiveCfg = NET45|Any CPU
		{C70A159D-74A4-405F-9A7F-C17ACF451CCA}.NET45|x64.Build.0 = NET45|Any CPU
		{C70A159D-74A4-405F-9A7F-C17ACF451CCA}.NET45|x86.ActiveCfg = NET45|Any CPU
		{C70A159D-74A4-405F-9A7F-C17ACF451CCA}.NET45|x86.Build.0 = NET45|Any CPU
		{C70A159D-74A4-405F-9A7F-C17ACF451CCA}.Release|Any CPU.ActiveCfg = NET45|Any CPU
		{C70A159D-74A4-405F-9A7F-C17ACF451CCA}.Release|Any CPU.Build.0 = NET45|Any CPU
		{C70A159D-74A4-405F-9A7F-C17ACF451CCA}.Release|x64.ActiveCfg = NET45|Any CPU
		{C70A159D-74A4-405F-9A7F-C17ACF451CCA}.Release|x64.Build.0 = NET45|Any CPU
		{C70A159D-74A4-405F-9A7F-C17ACF451CCA}.Release|x86.ActiveCfg = NET45|Any CPU
		{C70A159D-74A4-405F-9A7F-C17ACF451CCA}.Release|x86.Build.0 = NET45|Any CPU
		{A177A90C-8207-466A-AF70-F2B8452A42AC}.Debug|Any CPU.ActiveCfg = Debug|Any CPU
		{A177A90C-8207-466A-AF70-F2B8452A42AC}.Debug|Any CPU.Build.0 = Debug|Any CPU
		{A177A90C-8207-466A-AF70-F2B8452A42AC}.Debug|x64.ActiveCfg = Debug|Any CPU
		{A177A90C-8207-466A-AF70-F2B8452A42AC}.Debug|x64.Build.0 = Debug|Any CPU
		{A177A90C-8207-466A-AF70-F2B8452A42AC}.Debug|x86.ActiveCfg = Debug|Any CPU
		{A177A90C-8207-466A-AF70-F2B8452A42AC}.Debug|x86.Build.0 = Debug|Any CPU
		{A177A90C-8207-466A-AF70-F2B8452A42AC}.NET35|Any CPU.ActiveCfg = NET35|Any CPU
		{A177A90C-8207-466A-AF70-F2B8452A42AC}.NET35|Any CPU.Build.0 = NET35|Any CPU
		{A177A90C-8207-466A-AF70-F2B8452A42AC}.NET35|x64.ActiveCfg = NET35|Any CPU
		{A177A90C-8207-466A-AF70-F2B8452A42AC}.NET35|x64.Build.0 = NET35|Any CPU
		{A177A90C-8207-466A-AF70-F2B8452A42AC}.NET35|x86.ActiveCfg = NET35|Any CPU
		{A177A90C-8207-466A-AF70-F2B8452A42AC}.NET35|x86.Build.0 = NET35|Any CPU
		{A177A90C-8207-466A-AF70-F2B8452A42AC}.NET40|Any CPU.ActiveCfg = NET40|Any CPU
		{A177A90C-8207-466A-AF70-F2B8452A42AC}.NET40|Any CPU.Build.0 = NET40|Any CPU
		{A177A90C-8207-466A-AF70-F2B8452A42AC}.NET40|x64.ActiveCfg = NET40|Any CPU
		{A177A90C-8207-466A-AF70-F2B8452A42AC}.NET40|x64.Build.0 = NET40|Any CPU
		{A177A90C-8207-466A-AF70-F2B8452A42AC}.NET40|x86.ActiveCfg = NET40|Any CPU
		{A177A90C-8207-466A-AF70-F2B8452A42AC}.NET40|x86.Build.0 = NET40|Any CPU
		{A177A90C-8207-466A-AF70-F2B8452A42AC}.NET45|Any CPU.ActiveCfg = NET45|Any CPU
		{A177A90C-8207-466A-AF70-F2B8452A42AC}.NET45|Any CPU.Build.0 = NET45|Any CPU
		{A177A90C-8207-466A-AF70-F2B8452A42AC}.NET45|x64.ActiveCfg = NET45|Any CPU
		{A177A90C-8207-466A-AF70-F2B8452A42AC}.NET45|x64.Build.0 = NET45|Any CPU
		{A177A90C-8207-466A-AF70-F2B8452A42AC}.NET45|x86.ActiveCfg = NET45|Any CPU
		{A177A90C-8207-466A-AF70-F2B8452A42AC}.NET45|x86.Build.0 = NET45|Any CPU
		{A177A90C-8207-466A-AF70-F2B8452A42AC}.Release|Any CPU.ActiveCfg = NET45|Any CPU
		{A177A90C-8207-466A-AF70-F2B8452A42AC}.Release|Any CPU.Build.0 = NET45|Any CPU
		{A177A90C-8207-466A-AF70-F2B8452A42AC}.Release|x64.ActiveCfg = NET45|Any CPU
		{A177A90C-8207-466A-AF70-F2B8452A42AC}.Release|x64.Build.0 = NET45|Any CPU
		{A177A90C-8207-466A-AF70-F2B8452A42AC}.Release|x86.ActiveCfg = NET45|Any CPU
		{A177A90C-8207-466A-AF70-F2B8452A42AC}.Release|x86.Build.0 = NET45|Any CPU
		{6158E759-FE2B-4308-BA29-11C9E4A07812}.Debug|Any CPU.ActiveCfg = Debug|Any CPU
		{6158E759-FE2B-4308-BA29-11C9E4A07812}.Debug|Any CPU.Build.0 = Debug|Any CPU
		{6158E759-FE2B-4308-BA29-11C9E4A07812}.Debug|x64.ActiveCfg = Debug|Any CPU
		{6158E759-FE2B-4308-BA29-11C9E4A07812}.Debug|x64.Build.0 = Debug|Any CPU
		{6158E759-FE2B-4308-BA29-11C9E4A07812}.Debug|x86.ActiveCfg = Debug|Any CPU
		{6158E759-FE2B-4308-BA29-11C9E4A07812}.Debug|x86.Build.0 = Debug|Any CPU
		{6158E759-FE2B-4308-BA29-11C9E4A07812}.NET35|Any CPU.ActiveCfg = NET35|Any CPU
		{6158E759-FE2B-4308-BA29-11C9E4A07812}.NET35|Any CPU.Build.0 = NET35|Any CPU
		{6158E759-FE2B-4308-BA29-11C9E4A07812}.NET35|x64.ActiveCfg = NET35|Any CPU
		{6158E759-FE2B-4308-BA29-11C9E4A07812}.NET35|x64.Build.0 = NET35|Any CPU
		{6158E759-FE2B-4308-BA29-11C9E4A07812}.NET35|x86.ActiveCfg = NET35|Any CPU
		{6158E759-FE2B-4308-BA29-11C9E4A07812}.NET35|x86.Build.0 = NET35|Any CPU
		{6158E759-FE2B-4308-BA29-11C9E4A07812}.NET40|Any CPU.ActiveCfg = NET40|Any CPU
		{6158E759-FE2B-4308-BA29-11C9E4A07812}.NET40|Any CPU.Build.0 = NET40|Any CPU
		{6158E759-FE2B-4308-BA29-11C9E4A07812}.NET40|x64.ActiveCfg = NET40|Any CPU
		{6158E759-FE2B-4308-BA29-11C9E4A07812}.NET40|x64.Build.0 = NET40|Any CPU
		{6158E759-FE2B-4308-BA29-11C9E4A07812}.NET40|x86.ActiveCfg = NET40|Any CPU
		{6158E759-FE2B-4308-BA29-11C9E4A07812}.NET40|x86.Build.0 = NET40|Any CPU
		{6158E759-FE2B-4308-BA29-11C9E4A07812}.NET45|Any CPU.ActiveCfg = NET45|Any CPU
		{6158E759-FE2B-4308-BA29-11C9E4A07812}.NET45|Any CPU.Build.0 = NET45|Any CPU
		{6158E759-FE2B-4308-BA29-11C9E4A07812}.NET45|x64.ActiveCfg = NET45|Any CPU
		{6158E759-FE2B-4308-BA29-11C9E4A07812}.NET45|x64.Build.0 = NET45|Any CPU
		{6158E759-FE2B-4308-BA29-11C9E4A07812}.NET45|x86.ActiveCfg = NET45|Any CPU
		{6158E759-FE2B-4308-BA29-11C9E4A07812}.NET45|x86.Build.0 = NET45|Any CPU
		{6158E759-FE2B-4308-BA29-11C9E4A07812}.Release|Any CPU.ActiveCfg = NET45|Any CPU
		{6158E759-FE2B-4308-BA29-11C9E4A07812}.Release|Any CPU.Build.0 = NET45|Any CPU
		{6158E759-FE2B-4308-BA29-11C9E4A07812}.Release|x64.ActiveCfg = NET45|Any CPU
		{6158E759-FE2B-4308-BA29-11C9E4A07812}.Release|x64.Build.0 = NET45|Any CPU
		{6158E759-FE2B-4308-BA29-11C9E4A07812}.Release|x86.ActiveCfg = NET45|Any CPU
		{6158E759-FE2B-4308-BA29-11C9E4A07812}.Release|x86.Build.0 = NET45|Any CPU
		{63184EBD-6B28-4066-AAEE-5B99431E31F4}.Debug|Any CPU.ActiveCfg = Debug|Any CPU
		{63184EBD-6B28-4066-AAEE-5B99431E31F4}.Debug|Any CPU.Build.0 = Debug|Any CPU
		{63184EBD-6B28-4066-AAEE-5B99431E31F4}.Debug|x64.ActiveCfg = Debug|Any CPU
		{63184EBD-6B28-4066-AAEE-5B99431E31F4}.Debug|x64.Build.0 = Debug|Any CPU
		{63184EBD-6B28-4066-AAEE-5B99431E31F4}.Debug|x86.ActiveCfg = Debug|Any CPU
		{63184EBD-6B28-4066-AAEE-5B99431E31F4}.Debug|x86.Build.0 = Debug|Any CPU
		{63184EBD-6B28-4066-AAEE-5B99431E31F4}.NET35|Any CPU.ActiveCfg = NET35|Any CPU
		{63184EBD-6B28-4066-AAEE-5B99431E31F4}.NET35|Any CPU.Build.0 = NET35|Any CPU
		{63184EBD-6B28-4066-AAEE-5B99431E31F4}.NET35|x64.ActiveCfg = NET35|Any CPU
		{63184EBD-6B28-4066-AAEE-5B99431E31F4}.NET35|x64.Build.0 = NET35|Any CPU
		{63184EBD-6B28-4066-AAEE-5B99431E31F4}.NET35|x86.ActiveCfg = NET35|Any CPU
		{63184EBD-6B28-4066-AAEE-5B99431E31F4}.NET35|x86.Build.0 = NET35|Any CPU
		{63184EBD-6B28-4066-AAEE-5B99431E31F4}.NET40|Any CPU.ActiveCfg = NET40|Any CPU
		{63184EBD-6B28-4066-AAEE-5B99431E31F4}.NET40|Any CPU.Build.0 = NET40|Any CPU
		{63184EBD-6B28-4066-AAEE-5B99431E31F4}.NET40|x64.ActiveCfg = NET40|Any CPU
		{63184EBD-6B28-4066-AAEE-5B99431E31F4}.NET40|x64.Build.0 = NET40|Any CPU
		{63184EBD-6B28-4066-AAEE-5B99431E31F4}.NET40|x86.ActiveCfg = NET40|Any CPU
		{63184EBD-6B28-4066-AAEE-5B99431E31F4}.NET40|x86.Build.0 = NET40|Any CPU
		{63184EBD-6B28-4066-AAEE-5B99431E31F4}.NET45|Any CPU.ActiveCfg = NET45|Any CPU
		{63184EBD-6B28-4066-AAEE-5B99431E31F4}.NET45|Any CPU.Build.0 = NET45|Any CPU
		{63184EBD-6B28-4066-AAEE-5B99431E31F4}.NET45|x64.ActiveCfg = NET45|Any CPU
		{63184EBD-6B28-4066-AAEE-5B99431E31F4}.NET45|x64.Build.0 = NET45|Any CPU
		{63184EBD-6B28-4066-AAEE-5B99431E31F4}.NET45|x86.ActiveCfg = NET45|Any CPU
		{63184EBD-6B28-4066-AAEE-5B99431E31F4}.NET45|x86.Build.0 = NET45|Any CPU
		{63184EBD-6B28-4066-AAEE-5B99431E31F4}.Release|Any CPU.ActiveCfg = NET45|Any CPU
		{63184EBD-6B28-4066-AAEE-5B99431E31F4}.Release|Any CPU.Build.0 = NET45|Any CPU
		{63184EBD-6B28-4066-AAEE-5B99431E31F4}.Release|x64.ActiveCfg = NET45|Any CPU
		{63184EBD-6B28-4066-AAEE-5B99431E31F4}.Release|x64.Build.0 = NET45|Any CPU
		{63184EBD-6B28-4066-AAEE-5B99431E31F4}.Release|x86.ActiveCfg = NET45|Any CPU
		{63184EBD-6B28-4066-AAEE-5B99431E31F4}.Release|x86.Build.0 = NET45|Any CPU
		{456DB2E8-745A-4F87-A2BD-C43CF8677770}.Debug|Any CPU.ActiveCfg = Debug|Any CPU
		{456DB2E8-745A-4F87-A2BD-C43CF8677770}.Debug|Any CPU.Build.0 = Debug|Any CPU
		{456DB2E8-745A-4F87-A2BD-C43CF8677770}.Debug|x64.ActiveCfg = Debug|Any CPU
		{456DB2E8-745A-4F87-A2BD-C43CF8677770}.Debug|x64.Build.0 = Debug|Any CPU
		{456DB2E8-745A-4F87-A2BD-C43CF8677770}.Debug|x86.ActiveCfg = Debug|Any CPU
		{456DB2E8-745A-4F87-A2BD-C43CF8677770}.Debug|x86.Build.0 = Debug|Any CPU
		{456DB2E8-745A-4F87-A2BD-C43CF8677770}.NET35|Any CPU.ActiveCfg = NET35|Any CPU
		{456DB2E8-745A-4F87-A2BD-C43CF8677770}.NET35|Any CPU.Build.0 = NET35|Any CPU
		{456DB2E8-745A-4F87-A2BD-C43CF8677770}.NET35|x64.ActiveCfg = NET35|Any CPU
		{456DB2E8-745A-4F87-A2BD-C43CF8677770}.NET35|x64.Build.0 = NET35|Any CPU
		{456DB2E8-745A-4F87-A2BD-C43CF8677770}.NET35|x86.ActiveCfg = NET35|Any CPU
		{456DB2E8-745A-4F87-A2BD-C43CF8677770}.NET35|x86.Build.0 = NET35|Any CPU
		{456DB2E8-745A-4F87-A2BD-C43CF8677770}.NET40|Any CPU.ActiveCfg = NET40|Any CPU
		{456DB2E8-745A-4F87-A2BD-C43CF8677770}.NET40|Any CPU.Build.0 = NET40|Any CPU
		{456DB2E8-745A-4F87-A2BD-C43CF8677770}.NET40|x64.ActiveCfg = NET40|Any CPU
		{456DB2E8-745A-4F87-A2BD-C43CF8677770}.NET40|x64.Build.0 = NET40|Any CPU
		{456DB2E8-745A-4F87-A2BD-C43CF8677770}.NET40|x86.ActiveCfg = NET40|Any CPU
		{456DB2E8-745A-4F87-A2BD-C43CF8677770}.NET40|x86.Build.0 = NET40|Any CPU
		{456DB2E8-745A-4F87-A2BD-C43CF8677770}.NET45|Any CPU.ActiveCfg = NET45|Any CPU
		{456DB2E8-745A-4F87-A2BD-C43CF8677770}.NET45|Any CPU.Build.0 = NET45|Any CPU
		{456DB2E8-745A-4F87-A2BD-C43CF8677770}.NET45|x64.ActiveCfg = NET45|Any CPU
		{456DB2E8-745A-4F87-A2BD-C43CF8677770}.NET45|x64.Build.0 = NET45|Any CPU
		{456DB2E8-745A-4F87-A2BD-C43CF8677770}.NET45|x86.ActiveCfg = NET45|Any CPU
		{456DB2E8-745A-4F87-A2BD-C43CF8677770}.NET45|x86.Build.0 = NET45|Any CPU
		{456DB2E8-745A-4F87-A2BD-C43CF8677770}.Release|Any CPU.ActiveCfg = NET45|Any CPU
		{456DB2E8-745A-4F87-A2BD-C43CF8677770}.Release|Any CPU.Build.0 = NET45|Any CPU
		{456DB2E8-745A-4F87-A2BD-C43CF8677770}.Release|x64.ActiveCfg = NET45|Any CPU
		{456DB2E8-745A-4F87-A2BD-C43CF8677770}.Release|x64.Build.0 = NET45|Any CPU
		{456DB2E8-745A-4F87-A2BD-C43CF8677770}.Release|x86.ActiveCfg = NET45|Any CPU
		{456DB2E8-745A-4F87-A2BD-C43CF8677770}.Release|x86.Build.0 = NET45|Any CPU
		{B631038F-E12C-4D0D-8B25-FF7F62FE62D1}.Debug|Any CPU.ActiveCfg = Debug|Any CPU
		{B631038F-E12C-4D0D-8B25-FF7F62FE62D1}.Debug|Any CPU.Build.0 = Debug|Any CPU
		{B631038F-E12C-4D0D-8B25-FF7F62FE62D1}.Debug|x64.ActiveCfg = Debug|Any CPU
		{B631038F-E12C-4D0D-8B25-FF7F62FE62D1}.Debug|x64.Build.0 = Debug|Any CPU
		{B631038F-E12C-4D0D-8B25-FF7F62FE62D1}.Debug|x86.ActiveCfg = Debug|Any CPU
		{B631038F-E12C-4D0D-8B25-FF7F62FE62D1}.Debug|x86.Build.0 = Debug|Any CPU
		{B631038F-E12C-4D0D-8B25-FF7F62FE62D1}.NET35|Any CPU.ActiveCfg = NET35|Any CPU
		{B631038F-E12C-4D0D-8B25-FF7F62FE62D1}.NET35|Any CPU.Build.0 = NET35|Any CPU
		{B631038F-E12C-4D0D-8B25-FF7F62FE62D1}.NET35|x64.ActiveCfg = NET35|Any CPU
		{B631038F-E12C-4D0D-8B25-FF7F62FE62D1}.NET35|x64.Build.0 = NET35|Any CPU
		{B631038F-E12C-4D0D-8B25-FF7F62FE62D1}.NET35|x86.ActiveCfg = NET35|Any CPU
		{B631038F-E12C-4D0D-8B25-FF7F62FE62D1}.NET35|x86.Build.0 = NET35|Any CPU
		{B631038F-E12C-4D0D-8B25-FF7F62FE62D1}.NET40|Any CPU.ActiveCfg = NET40|Any CPU
		{B631038F-E12C-4D0D-8B25-FF7F62FE62D1}.NET40|Any CPU.Build.0 = NET40|Any CPU
		{B631038F-E12C-4D0D-8B25-FF7F62FE62D1}.NET40|x64.ActiveCfg = NET40|Any CPU
		{B631038F-E12C-4D0D-8B25-FF7F62FE62D1}.NET40|x64.Build.0 = NET40|Any CPU
		{B631038F-E12C-4D0D-8B25-FF7F62FE62D1}.NET40|x86.ActiveCfg = NET40|Any CPU
		{B631038F-E12C-4D0D-8B25-FF7F62FE62D1}.NET40|x86.Build.0 = NET40|Any CPU
		{B631038F-E12C-4D0D-8B25-FF7F62FE62D1}.NET45|Any CPU.ActiveCfg = NET45|Any CPU
		{B631038F-E12C-4D0D-8B25-FF7F62FE62D1}.NET45|Any CPU.Build.0 = NET45|Any CPU
		{B631038F-E12C-4D0D-8B25-FF7F62FE62D1}.NET45|x64.ActiveCfg = NET45|Any CPU
		{B631038F-E12C-4D0D-8B25-FF7F62FE62D1}.NET45|x64.Build.0 = NET45|Any CPU
		{B631038F-E12C-4D0D-8B25-FF7F62FE62D1}.NET45|x86.ActiveCfg = NET45|Any CPU
		{B631038F-E12C-4D0D-8B25-FF7F62FE62D1}.NET45|x86.Build.0 = NET45|Any CPU
		{B631038F-E12C-4D0D-8B25-FF7F62FE62D1}.Release|Any CPU.ActiveCfg = NET45|Any CPU
		{B631038F-E12C-4D0D-8B25-FF7F62FE62D1}.Release|Any CPU.Build.0 = NET45|Any CPU
		{B631038F-E12C-4D0D-8B25-FF7F62FE62D1}.Release|x64.ActiveCfg = NET45|Any CPU
		{B631038F-E12C-4D0D-8B25-FF7F62FE62D1}.Release|x64.Build.0 = NET45|Any CPU
		{B631038F-E12C-4D0D-8B25-FF7F62FE62D1}.Release|x86.ActiveCfg = NET45|Any CPU
		{B631038F-E12C-4D0D-8B25-FF7F62FE62D1}.Release|x86.Build.0 = NET45|Any CPU
		{2EFAA327-1789-4438-B9F5-E83ACAE12DB2}.Debug|Any CPU.ActiveCfg = Debug|Any CPU
		{2EFAA327-1789-4438-B9F5-E83ACAE12DB2}.Debug|Any CPU.Build.0 = Debug|Any CPU
		{2EFAA327-1789-4438-B9F5-E83ACAE12DB2}.Debug|x64.ActiveCfg = Debug|Any CPU
		{2EFAA327-1789-4438-B9F5-E83ACAE12DB2}.Debug|x64.Build.0 = Debug|Any CPU
		{2EFAA327-1789-4438-B9F5-E83ACAE12DB2}.Debug|x86.ActiveCfg = Debug|Any CPU
		{2EFAA327-1789-4438-B9F5-E83ACAE12DB2}.Debug|x86.Build.0 = Debug|Any CPU
		{2EFAA327-1789-4438-B9F5-E83ACAE12DB2}.NET35|Any CPU.ActiveCfg = NET35|Any CPU
		{2EFAA327-1789-4438-B9F5-E83ACAE12DB2}.NET35|Any CPU.Build.0 = NET35|Any CPU
		{2EFAA327-1789-4438-B9F5-E83ACAE12DB2}.NET35|x64.ActiveCfg = NET35|Any CPU
		{2EFAA327-1789-4438-B9F5-E83ACAE12DB2}.NET35|x64.Build.0 = NET35|Any CPU
		{2EFAA327-1789-4438-B9F5-E83ACAE12DB2}.NET35|x86.ActiveCfg = NET35|Any CPU
		{2EFAA327-1789-4438-B9F5-E83ACAE12DB2}.NET35|x86.Build.0 = NET35|Any CPU
		{2EFAA327-1789-4438-B9F5-E83ACAE12DB2}.NET40|Any CPU.ActiveCfg = NET40|Any CPU
		{2EFAA327-1789-4438-B9F5-E83ACAE12DB2}.NET40|Any CPU.Build.0 = NET40|Any CPU
		{2EFAA327-1789-4438-B9F5-E83ACAE12DB2}.NET40|x64.ActiveCfg = NET40|Any CPU
		{2EFAA327-1789-4438-B9F5-E83ACAE12DB2}.NET40|x64.Build.0 = NET40|Any CPU
		{2EFAA327-1789-4438-B9F5-E83ACAE12DB2}.NET40|x86.ActiveCfg = NET40|Any CPU
		{2EFAA327-1789-4438-B9F5-E83ACAE12DB2}.NET40|x86.Build.0 = NET40|Any CPU
		{2EFAA327-1789-4438-B9F5-E83ACAE12DB2}.NET45|Any CPU.ActiveCfg = NET45|Any CPU
		{2EFAA327-1789-4438-B9F5-E83ACAE12DB2}.NET45|Any CPU.Build.0 = NET45|Any CPU
		{2EFAA327-1789-4438-B9F5-E83ACAE12DB2}.NET45|x64.ActiveCfg = NET45|Any CPU
		{2EFAA327-1789-4438-B9F5-E83ACAE12DB2}.NET45|x64.Build.0 = NET45|Any CPU
		{2EFAA327-1789-4438-B9F5-E83ACAE12DB2}.NET45|x86.ActiveCfg = NET45|Any CPU
		{2EFAA327-1789-4438-B9F5-E83ACAE12DB2}.NET45|x86.Build.0 = NET45|Any CPU
		{2EFAA327-1789-4438-B9F5-E83ACAE12DB2}.Release|Any CPU.ActiveCfg = NET45|Any CPU
		{2EFAA327-1789-4438-B9F5-E83ACAE12DB2}.Release|Any CPU.Build.0 = NET45|Any CPU
		{2EFAA327-1789-4438-B9F5-E83ACAE12DB2}.Release|x64.ActiveCfg = NET45|Any CPU
		{2EFAA327-1789-4438-B9F5-E83ACAE12DB2}.Release|x64.Build.0 = NET45|Any CPU
		{2EFAA327-1789-4438-B9F5-E83ACAE12DB2}.Release|x86.ActiveCfg = NET45|Any CPU
		{2EFAA327-1789-4438-B9F5-E83ACAE12DB2}.Release|x86.Build.0 = NET45|Any CPU
		{26CD2CE7-FF63-4669-83B0-7D9C8F3408EE}.Debug|Any CPU.ActiveCfg = Debug|Any CPU
		{26CD2CE7-FF63-4669-83B0-7D9C8F3408EE}.Debug|Any CPU.Build.0 = Debug|Any CPU
		{26CD2CE7-FF63-4669-83B0-7D9C8F3408EE}.Debug|x64.ActiveCfg = Debug|Any CPU
		{26CD2CE7-FF63-4669-83B0-7D9C8F3408EE}.Debug|x64.Build.0 = Debug|Any CPU
		{26CD2CE7-FF63-4669-83B0-7D9C8F3408EE}.Debug|x86.ActiveCfg = Debug|Any CPU
		{26CD2CE7-FF63-4669-83B0-7D9C8F3408EE}.Debug|x86.Build.0 = Debug|Any CPU
		{26CD2CE7-FF63-4669-83B0-7D9C8F3408EE}.NET35|Any CPU.ActiveCfg = NET35|Any CPU
		{26CD2CE7-FF63-4669-83B0-7D9C8F3408EE}.NET35|Any CPU.Build.0 = NET35|Any CPU
		{26CD2CE7-FF63-4669-83B0-7D9C8F3408EE}.NET35|x64.ActiveCfg = NET35|Any CPU
		{26CD2CE7-FF63-4669-83B0-7D9C8F3408EE}.NET35|x64.Build.0 = NET35|Any CPU
		{26CD2CE7-FF63-4669-83B0-7D9C8F3408EE}.NET35|x86.ActiveCfg = NET35|Any CPU
		{26CD2CE7-FF63-4669-83B0-7D9C8F3408EE}.NET35|x86.Build.0 = NET35|Any CPU
		{26CD2CE7-FF63-4669-83B0-7D9C8F3408EE}.NET40|Any CPU.ActiveCfg = NET40|Any CPU
		{26CD2CE7-FF63-4669-83B0-7D9C8F3408EE}.NET40|Any CPU.Build.0 = NET40|Any CPU
		{26CD2CE7-FF63-4669-83B0-7D9C8F3408EE}.NET40|x64.ActiveCfg = NET40|Any CPU
		{26CD2CE7-FF63-4669-83B0-7D9C8F3408EE}.NET40|x64.Build.0 = NET40|Any CPU
		{26CD2CE7-FF63-4669-83B0-7D9C8F3408EE}.NET40|x86.ActiveCfg = NET40|Any CPU
		{26CD2CE7-FF63-4669-83B0-7D9C8F3408EE}.NET40|x86.Build.0 = NET40|Any CPU
		{26CD2CE7-FF63-4669-83B0-7D9C8F3408EE}.NET45|Any CPU.ActiveCfg = NET45|Any CPU
		{26CD2CE7-FF63-4669-83B0-7D9C8F3408EE}.NET45|Any CPU.Build.0 = NET45|Any CPU
		{26CD2CE7-FF63-4669-83B0-7D9C8F3408EE}.NET45|x64.ActiveCfg = NET45|Any CPU
		{26CD2CE7-FF63-4669-83B0-7D9C8F3408EE}.NET45|x64.Build.0 = NET45|Any CPU
		{26CD2CE7-FF63-4669-83B0-7D9C8F3408EE}.NET45|x86.ActiveCfg = NET45|Any CPU
		{26CD2CE7-FF63-4669-83B0-7D9C8F3408EE}.NET45|x86.Build.0 = NET45|Any CPU
		{26CD2CE7-FF63-4669-83B0-7D9C8F3408EE}.Release|Any CPU.ActiveCfg = NET45|Any CPU
		{26CD2CE7-FF63-4669-83B0-7D9C8F3408EE}.Release|Any CPU.Build.0 = NET45|Any CPU
		{26CD2CE7-FF63-4669-83B0-7D9C8F3408EE}.Release|x64.ActiveCfg = NET45|Any CPU
		{26CD2CE7-FF63-4669-83B0-7D9C8F3408EE}.Release|x64.Build.0 = NET45|Any CPU
		{26CD2CE7-FF63-4669-83B0-7D9C8F3408EE}.Release|x86.ActiveCfg = NET45|Any CPU
		{26CD2CE7-FF63-4669-83B0-7D9C8F3408EE}.Release|x86.Build.0 = NET45|Any CPU
		{809725DC-6502-4732-A51C-DEB7FEA12975}.Debug|Any CPU.ActiveCfg = Debug|Any CPU
		{809725DC-6502-4732-A51C-DEB7FEA12975}.Debug|Any CPU.Build.0 = Debug|Any CPU
		{809725DC-6502-4732-A51C-DEB7FEA12975}.Debug|x64.ActiveCfg = Debug|Any CPU
		{809725DC-6502-4732-A51C-DEB7FEA12975}.Debug|x64.Build.0 = Debug|Any CPU
		{809725DC-6502-4732-A51C-DEB7FEA12975}.Debug|x86.ActiveCfg = Debug|Any CPU
		{809725DC-6502-4732-A51C-DEB7FEA12975}.Debug|x86.Build.0 = Debug|Any CPU
		{809725DC-6502-4732-A51C-DEB7FEA12975}.NET35|Any CPU.ActiveCfg = NET35|Any CPU
		{809725DC-6502-4732-A51C-DEB7FEA12975}.NET35|Any CPU.Build.0 = NET35|Any CPU
		{809725DC-6502-4732-A51C-DEB7FEA12975}.NET35|x64.ActiveCfg = NET35|Any CPU
		{809725DC-6502-4732-A51C-DEB7FEA12975}.NET35|x64.Build.0 = NET35|Any CPU
		{809725DC-6502-4732-A51C-DEB7FEA12975}.NET35|x86.ActiveCfg = NET35|Any CPU
		{809725DC-6502-4732-A51C-DEB7FEA12975}.NET35|x86.Build.0 = NET35|Any CPU
		{809725DC-6502-4732-A51C-DEB7FEA12975}.NET40|Any CPU.ActiveCfg = NET40|Any CPU
		{809725DC-6502-4732-A51C-DEB7FEA12975}.NET40|Any CPU.Build.0 = NET40|Any CPU
		{809725DC-6502-4732-A51C-DEB7FEA12975}.NET40|x64.ActiveCfg = NET40|Any CPU
		{809725DC-6502-4732-A51C-DEB7FEA12975}.NET40|x64.Build.0 = NET40|Any CPU
		{809725DC-6502-4732-A51C-DEB7FEA12975}.NET40|x86.ActiveCfg = NET40|Any CPU
		{809725DC-6502-4732-A51C-DEB7FEA12975}.NET40|x86.Build.0 = NET40|Any CPU
		{809725DC-6502-4732-A51C-DEB7FEA12975}.NET45|Any CPU.ActiveCfg = NET45|Any CPU
		{809725DC-6502-4732-A51C-DEB7FEA12975}.NET45|Any CPU.Build.0 = NET45|Any CPU
		{809725DC-6502-4732-A51C-DEB7FEA12975}.NET45|x64.ActiveCfg = NET45|Any CPU
		{809725DC-6502-4732-A51C-DEB7FEA12975}.NET45|x64.Build.0 = NET45|Any CPU
		{809725DC-6502-4732-A51C-DEB7FEA12975}.NET45|x86.ActiveCfg = NET45|Any CPU
		{809725DC-6502-4732-A51C-DEB7FEA12975}.NET45|x86.Build.0 = NET45|Any CPU
		{809725DC-6502-4732-A51C-DEB7FEA12975}.Release|Any CPU.ActiveCfg = NET45|Any CPU
		{809725DC-6502-4732-A51C-DEB7FEA12975}.Release|Any CPU.Build.0 = NET45|Any CPU
		{809725DC-6502-4732-A51C-DEB7FEA12975}.Release|x64.ActiveCfg = NET45|Any CPU
		{809725DC-6502-4732-A51C-DEB7FEA12975}.Release|x64.Build.0 = NET45|Any CPU
		{809725DC-6502-4732-A51C-DEB7FEA12975}.Release|x86.ActiveCfg = NET45|Any CPU
		{809725DC-6502-4732-A51C-DEB7FEA12975}.Release|x86.Build.0 = NET45|Any CPU
		{9DA8E727-4038-4E6B-90BD-853730FDFA49}.Debug|Any CPU.ActiveCfg = Debug|Any CPU
		{9DA8E727-4038-4E6B-90BD-853730FDFA49}.Debug|Any CPU.Build.0 = Debug|Any CPU
		{9DA8E727-4038-4E6B-90BD-853730FDFA49}.Debug|x64.ActiveCfg = Debug|Any CPU
		{9DA8E727-4038-4E6B-90BD-853730FDFA49}.Debug|x64.Build.0 = Debug|Any CPU
		{9DA8E727-4038-4E6B-90BD-853730FDFA49}.Debug|x86.ActiveCfg = Debug|Any CPU
		{9DA8E727-4038-4E6B-90BD-853730FDFA49}.Debug|x86.Build.0 = Debug|Any CPU
		{9DA8E727-4038-4E6B-90BD-853730FDFA49}.NET35|Any CPU.ActiveCfg = NET35|Any CPU
		{9DA8E727-4038-4E6B-90BD-853730FDFA49}.NET35|Any CPU.Build.0 = NET35|Any CPU
		{9DA8E727-4038-4E6B-90BD-853730FDFA49}.NET35|x64.ActiveCfg = NET35|Any CPU
		{9DA8E727-4038-4E6B-90BD-853730FDFA49}.NET35|x64.Build.0 = NET35|Any CPU
		{9DA8E727-4038-4E6B-90BD-853730FDFA49}.NET35|x86.ActiveCfg = NET35|Any CPU
		{9DA8E727-4038-4E6B-90BD-853730FDFA49}.NET35|x86.Build.0 = NET35|Any CPU
		{9DA8E727-4038-4E6B-90BD-853730FDFA49}.NET40|Any CPU.ActiveCfg = NET40|Any CPU
		{9DA8E727-4038-4E6B-90BD-853730FDFA49}.NET40|Any CPU.Build.0 = NET40|Any CPU
		{9DA8E727-4038-4E6B-90BD-853730FDFA49}.NET40|x64.ActiveCfg = NET40|Any CPU
		{9DA8E727-4038-4E6B-90BD-853730FDFA49}.NET40|x64.Build.0 = NET40|Any CPU
		{9DA8E727-4038-4E6B-90BD-853730FDFA49}.NET40|x86.ActiveCfg = NET40|Any CPU
		{9DA8E727-4038-4E6B-90BD-853730FDFA49}.NET40|x86.Build.0 = NET40|Any CPU
		{9DA8E727-4038-4E6B-90BD-853730FDFA49}.NET45|Any CPU.ActiveCfg = NET45|Any CPU
		{9DA8E727-4038-4E6B-90BD-853730FDFA49}.NET45|Any CPU.Build.0 = NET45|Any CPU
		{9DA8E727-4038-4E6B-90BD-853730FDFA49}.NET45|x64.ActiveCfg = NET45|Any CPU
		{9DA8E727-4038-4E6B-90BD-853730FDFA49}.NET45|x64.Build.0 = NET45|Any CPU
		{9DA8E727-4038-4E6B-90BD-853730FDFA49}.NET45|x86.ActiveCfg = NET45|Any CPU
		{9DA8E727-4038-4E6B-90BD-853730FDFA49}.NET45|x86.Build.0 = NET45|Any CPU
		{9DA8E727-4038-4E6B-90BD-853730FDFA49}.Release|Any CPU.ActiveCfg = NET45|Any CPU
		{9DA8E727-4038-4E6B-90BD-853730FDFA49}.Release|Any CPU.Build.0 = NET45|Any CPU
		{9DA8E727-4038-4E6B-90BD-853730FDFA49}.Release|x64.ActiveCfg = NET45|Any CPU
		{9DA8E727-4038-4E6B-90BD-853730FDFA49}.Release|x64.Build.0 = NET45|Any CPU
		{9DA8E727-4038-4E6B-90BD-853730FDFA49}.Release|x86.ActiveCfg = NET45|Any CPU
		{9DA8E727-4038-4E6B-90BD-853730FDFA49}.Release|x86.Build.0 = NET45|Any CPU
		{22E852C0-17FF-4106-9DF6-41EABB8C0613}.Debug|Any CPU.ActiveCfg = Debug|Any CPU
		{22E852C0-17FF-4106-9DF6-41EABB8C0613}.Debug|Any CPU.Build.0 = Debug|Any CPU
		{22E852C0-17FF-4106-9DF6-41EABB8C0613}.Debug|x64.ActiveCfg = Debug|Any CPU
		{22E852C0-17FF-4106-9DF6-41EABB8C0613}.Debug|x64.Build.0 = Debug|Any CPU
		{22E852C0-17FF-4106-9DF6-41EABB8C0613}.Debug|x86.ActiveCfg = Debug|Any CPU
		{22E852C0-17FF-4106-9DF6-41EABB8C0613}.Debug|x86.Build.0 = Debug|Any CPU
		{22E852C0-17FF-4106-9DF6-41EABB8C0613}.NET35|Any CPU.ActiveCfg = NET35|Any CPU
		{22E852C0-17FF-4106-9DF6-41EABB8C0613}.NET35|Any CPU.Build.0 = NET35|Any CPU
		{22E852C0-17FF-4106-9DF6-41EABB8C0613}.NET35|x64.ActiveCfg = NET35|Any CPU
		{22E852C0-17FF-4106-9DF6-41EABB8C0613}.NET35|x64.Build.0 = NET35|Any CPU
		{22E852C0-17FF-4106-9DF6-41EABB8C0613}.NET35|x86.ActiveCfg = NET35|Any CPU
		{22E852C0-17FF-4106-9DF6-41EABB8C0613}.NET35|x86.Build.0 = NET35|Any CPU
		{22E852C0-17FF-4106-9DF6-41EABB8C0613}.NET40|Any CPU.ActiveCfg = NET40|Any CPU
		{22E852C0-17FF-4106-9DF6-41EABB8C0613}.NET40|Any CPU.Build.0 = NET40|Any CPU
		{22E852C0-17FF-4106-9DF6-41EABB8C0613}.NET40|x64.ActiveCfg = NET40|Any CPU
		{22E852C0-17FF-4106-9DF6-41EABB8C0613}.NET40|x64.Build.0 = NET40|Any CPU
		{22E852C0-17FF-4106-9DF6-41EABB8C0613}.NET40|x86.ActiveCfg = NET40|Any CPU
		{22E852C0-17FF-4106-9DF6-41EABB8C0613}.NET40|x86.Build.0 = NET40|Any CPU
		{22E852C0-17FF-4106-9DF6-41EABB8C0613}.NET45|Any CPU.ActiveCfg = NET45|Any CPU
		{22E852C0-17FF-4106-9DF6-41EABB8C0613}.NET45|Any CPU.Build.0 = NET45|Any CPU
		{22E852C0-17FF-4106-9DF6-41EABB8C0613}.NET45|x64.ActiveCfg = NET45|Any CPU
		{22E852C0-17FF-4106-9DF6-41EABB8C0613}.NET45|x64.Build.0 = NET45|Any CPU
		{22E852C0-17FF-4106-9DF6-41EABB8C0613}.NET45|x86.ActiveCfg = NET45|Any CPU
		{22E852C0-17FF-4106-9DF6-41EABB8C0613}.NET45|x86.Build.0 = NET45|Any CPU
		{22E852C0-17FF-4106-9DF6-41EABB8C0613}.Release|Any CPU.ActiveCfg = NET45|Any CPU
		{22E852C0-17FF-4106-9DF6-41EABB8C0613}.Release|Any CPU.Build.0 = NET45|Any CPU
		{22E852C0-17FF-4106-9DF6-41EABB8C0613}.Release|x64.ActiveCfg = NET45|Any CPU
		{22E852C0-17FF-4106-9DF6-41EABB8C0613}.Release|x64.Build.0 = NET45|Any CPU
		{22E852C0-17FF-4106-9DF6-41EABB8C0613}.Release|x86.ActiveCfg = NET45|Any CPU
		{22E852C0-17FF-4106-9DF6-41EABB8C0613}.Release|x86.Build.0 = NET45|Any CPU
		{AEDD6CFB-747B-4077-9288-9CD2A86090F1}.Debug|Any CPU.ActiveCfg = Debug|Any CPU
		{AEDD6CFB-747B-4077-9288-9CD2A86090F1}.Debug|Any CPU.Build.0 = Debug|Any CPU
		{AEDD6CFB-747B-4077-9288-9CD2A86090F1}.Debug|x64.ActiveCfg = Debug|Any CPU
		{AEDD6CFB-747B-4077-9288-9CD2A86090F1}.Debug|x64.Build.0 = Debug|Any CPU
		{AEDD6CFB-747B-4077-9288-9CD2A86090F1}.Debug|x86.ActiveCfg = Debug|Any CPU
		{AEDD6CFB-747B-4077-9288-9CD2A86090F1}.Debug|x86.Build.0 = Debug|Any CPU
		{AEDD6CFB-747B-4077-9288-9CD2A86090F1}.NET35|Any CPU.ActiveCfg = NET35|Any CPU
		{AEDD6CFB-747B-4077-9288-9CD2A86090F1}.NET35|Any CPU.Build.0 = NET35|Any CPU
		{AEDD6CFB-747B-4077-9288-9CD2A86090F1}.NET35|x64.ActiveCfg = NET35|Any CPU
		{AEDD6CFB-747B-4077-9288-9CD2A86090F1}.NET35|x64.Build.0 = NET35|Any CPU
		{AEDD6CFB-747B-4077-9288-9CD2A86090F1}.NET35|x86.ActiveCfg = NET35|Any CPU
		{AEDD6CFB-747B-4077-9288-9CD2A86090F1}.NET35|x86.Build.0 = NET35|Any CPU
		{AEDD6CFB-747B-4077-9288-9CD2A86090F1}.NET40|Any CPU.ActiveCfg = NET40|Any CPU
		{AEDD6CFB-747B-4077-9288-9CD2A86090F1}.NET40|Any CPU.Build.0 = NET40|Any CPU
		{AEDD6CFB-747B-4077-9288-9CD2A86090F1}.NET40|x64.ActiveCfg = NET40|Any CPU
		{AEDD6CFB-747B-4077-9288-9CD2A86090F1}.NET40|x64.Build.0 = NET40|Any CPU
		{AEDD6CFB-747B-4077-9288-9CD2A86090F1}.NET40|x86.ActiveCfg = NET40|Any CPU
		{AEDD6CFB-747B-4077-9288-9CD2A86090F1}.NET40|x86.Build.0 = NET40|Any CPU
		{AEDD6CFB-747B-4077-9288-9CD2A86090F1}.NET45|Any CPU.ActiveCfg = NET45|Any CPU
		{AEDD6CFB-747B-4077-9288-9CD2A86090F1}.NET45|Any CPU.Build.0 = NET45|Any CPU
		{AEDD6CFB-747B-4077-9288-9CD2A86090F1}.NET45|x64.ActiveCfg = NET45|Any CPU
		{AEDD6CFB-747B-4077-9288-9CD2A86090F1}.NET45|x64.Build.0 = NET45|Any CPU
		{AEDD6CFB-747B-4077-9288-9CD2A86090F1}.NET45|x86.ActiveCfg = NET45|Any CPU
		{AEDD6CFB-747B-4077-9288-9CD2A86090F1}.NET45|x86.Build.0 = NET45|Any CPU
		{AEDD6CFB-747B-4077-9288-9CD2A86090F1}.Release|Any CPU.ActiveCfg = NET45|Any CPU
		{AEDD6CFB-747B-4077-9288-9CD2A86090F1}.Release|Any CPU.Build.0 = NET45|Any CPU
		{AEDD6CFB-747B-4077-9288-9CD2A86090F1}.Release|x64.ActiveCfg = NET45|Any CPU
		{AEDD6CFB-747B-4077-9288-9CD2A86090F1}.Release|x64.Build.0 = NET45|Any CPU
		{AEDD6CFB-747B-4077-9288-9CD2A86090F1}.Release|x86.ActiveCfg = NET45|Any CPU
		{AEDD6CFB-747B-4077-9288-9CD2A86090F1}.Release|x86.Build.0 = NET45|Any CPU
	EndGlobalSection
	GlobalSection(SolutionProperties) = preSolution
		HideSolutionNode = FALSE
	EndGlobalSection
	GlobalSection(NestedProjects) = preSolution
		{E0B826AC-2A51-41EC-9F09-561CA14A82BB} = {43E13ED0-E4FF-492A-8B47-FB6909371155}
		{E7B65F08-82F1-438F-847A-2AAC2BEC9AC0} = {43E13ED0-E4FF-492A-8B47-FB6909371155}
		{CDBEFB1A-10BC-49EC-9833-D2CF6D4F6131} = {43E13ED0-E4FF-492A-8B47-FB6909371155}
		{F718E9A8-DB62-4785-8C49-4333A60D256A} = {43E13ED0-E4FF-492A-8B47-FB6909371155}
		{FD8101DD-C95D-42D6-AD44-AE01C25F2811} = {43E13ED0-E4FF-492A-8B47-FB6909371155}
		{179F3045-8757-4F4B-9508-F48327BA11E3} = {43E13ED0-E4FF-492A-8B47-FB6909371155}
		{0AB27A20-925C-4556-9FA4-6E2C109E448E} = {43E13ED0-E4FF-492A-8B47-FB6909371155}
		{4959A83D-F78F-439E-80A5-41583ECEAAC6} = {43E13ED0-E4FF-492A-8B47-FB6909371155}
		{7AB4BBCC-6222-423D-9FF9-BA9CB7C09199} = {43E13ED0-E4FF-492A-8B47-FB6909371155}
		{E1089999-EAED-4E55-AC47-B6A196DF84FC} = {43E13ED0-E4FF-492A-8B47-FB6909371155}
		{C70A159D-74A4-405F-9A7F-C17ACF451CCA} = {43E13ED0-E4FF-492A-8B47-FB6909371155}
		{A177A90C-8207-466A-AF70-F2B8452A42AC} = {43E13ED0-E4FF-492A-8B47-FB6909371155}
		{6158E759-FE2B-4308-BA29-11C9E4A07812} = {43E13ED0-E4FF-492A-8B47-FB6909371155}
		{63184EBD-6B28-4066-AAEE-5B99431E31F4} = {43E13ED0-E4FF-492A-8B47-FB6909371155}
		{456DB2E8-745A-4F87-A2BD-C43CF8677770} = {43E13ED0-E4FF-492A-8B47-FB6909371155}
		{B631038F-E12C-4D0D-8B25-FF7F62FE62D1} = {43E13ED0-E4FF-492A-8B47-FB6909371155}
		{2EFAA327-1789-4438-B9F5-E83ACAE12DB2} = {43E13ED0-E4FF-492A-8B47-FB6909371155}
		{26CD2CE7-FF63-4669-83B0-7D9C8F3408EE} = {43E13ED0-E4FF-492A-8B47-FB6909371155}
		{809725DC-6502-4732-A51C-DEB7FEA12975} = {43E13ED0-E4FF-492A-8B47-FB6909371155}
		{9DA8E727-4038-4E6B-90BD-853730FDFA49} = {43E13ED0-E4FF-492A-8B47-FB6909371155}
		{22E852C0-17FF-4106-9DF6-41EABB8C0613} = {43E13ED0-E4FF-492A-8B47-FB6909371155}
		{AEDD6CFB-747B-4077-9288-9CD2A86090F1} = {43E13ED0-E4FF-492A-8B47-FB6909371155}
	EndGlobalSection
	GlobalSection(TestCaseManagementSettings) = postSolution
		CategoryFile = Accord.NET.vsmdi
	EndGlobalSection
EndGlobal
