
Microsoft Visual Studio Solution File, Format Version 12.00
# Visual Studio 2013
VisualStudioVersion = 12.0.40629.0
MinimumVisualStudioVersion = 10.0.40219.1
Project("{FAE04EC0-301F-11D3-BF4B-00C04F79EFBC}") = "Package-pml", "package-pml\Package-pml.csproj", "{5617DA2A-E03F-4E48-8150-D13FC0644C9C}"
EndProject
Project("{FAE04EC0-301F-11D3-BF4B-00C04F79EFBC}") = "Chinese entity linking", "Chinese entity linking\Chinese entity linking.csproj", "{E71FA28C-4F28-4AB9-AC98-0631C5462809}"
EndProject
Project("{FAE04EC0-301F-11D3-BF4B-00C04F79EFBC}") = "Debug", "Debug\Debug.csproj", "{8F02F4BA-834A-48DD-A59E-F9F58997777F}"
EndProject
Project("{FAE04EC0-301F-11D3-BF4B-00C04F79EFBC}") = "Alias", "Alias\Alias.csproj", "{5C45572A-D13A-49EE-B2C5-CBA35E9F6301}"
EndProject
Project("{FAE04EC0-301F-11D3-BF4B-00C04F79EFBC}") = "Script", "Script\Script.csproj", "{5E975DEB-D127-4964-B067-467B00807A89}"
EndProject
Global
	GlobalSection(SolutionConfigurationPlatforms) = preSolution
		Debug|Any CPU = Debug|Any CPU
		Debug|x64 = Debug|x64
		Debug|x86 = Debug|x86
		NET35|Any CPU = NET35|Any CPU
		NET35|x64 = NET35|x64
		NET35|x86 = NET35|x86
		NET40|Any CPU = NET40|Any CPU
		NET40|x64 = NET40|x64
		NET40|x86 = NET40|x86
		NET45|Any CPU = NET45|Any CPU
		NET45|x64 = NET45|x64
		NET45|x86 = NET45|x86
		Release|Any CPU = Release|Any CPU
		Release|x64 = Release|x64
		Release|x86 = Release|x86
	EndGlobalSection
	GlobalSection(ProjectConfigurationPlatforms) = postSolution
		{5617DA2A-E03F-4E48-8150-D13FC0644C9C}.Debug|Any CPU.ActiveCfg = Debug|Any CPU
		{5617DA2A-E03F-4E48-8150-D13FC0644C9C}.Debug|Any CPU.Build.0 = Debug|Any CPU
		{5617DA2A-E03F-4E48-8150-D13FC0644C9C}.Debug|x64.ActiveCfg = Debug|x64
		{5617DA2A-E03F-4E48-8150-D13FC0644C9C}.Debug|x64.Build.0 = Debug|x64
		{5617DA2A-E03F-4E48-8150-D13FC0644C9C}.Debug|x86.ActiveCfg = Debug|Any CPU
		{5617DA2A-E03F-4E48-8150-D13FC0644C9C}.Debug|x86.Build.0 = Debug|Any CPU
		{5617DA2A-E03F-4E48-8150-D13FC0644C9C}.NET35|Any CPU.ActiveCfg = Release|Any CPU
		{5617DA2A-E03F-4E48-8150-D13FC0644C9C}.NET35|Any CPU.Build.0 = Release|Any CPU
		{5617DA2A-E03F-4E48-8150-D13FC0644C9C}.NET35|x64.ActiveCfg = Release|x64
		{5617DA2A-E03F-4E48-8150-D13FC0644C9C}.NET35|x64.Build.0 = Release|x64
		{5617DA2A-E03F-4E48-8150-D13FC0644C9C}.NET35|x86.ActiveCfg = Release|Any CPU
		{5617DA2A-E03F-4E48-8150-D13FC0644C9C}.NET35|x86.Build.0 = Release|Any CPU
		{5617DA2A-E03F-4E48-8150-D13FC0644C9C}.NET40|Any CPU.ActiveCfg = Release|Any CPU
		{5617DA2A-E03F-4E48-8150-D13FC0644C9C}.NET40|Any CPU.Build.0 = Release|Any CPU
		{5617DA2A-E03F-4E48-8150-D13FC0644C9C}.NET40|x64.ActiveCfg = Release|x64
		{5617DA2A-E03F-4E48-8150-D13FC0644C9C}.NET40|x64.Build.0 = Release|x64
		{5617DA2A-E03F-4E48-8150-D13FC0644C9C}.NET40|x86.ActiveCfg = Release|Any CPU
		{5617DA2A-E03F-4E48-8150-D13FC0644C9C}.NET40|x86.Build.0 = Release|Any CPU
		{5617DA2A-E03F-4E48-8150-D13FC0644C9C}.NET45|Any CPU.ActiveCfg = Release|Any CPU
		{5617DA2A-E03F-4E48-8150-D13FC0644C9C}.NET45|Any CPU.Build.0 = Release|Any CPU
		{5617DA2A-E03F-4E48-8150-D13FC0644C9C}.NET45|x64.ActiveCfg = Release|x64
		{5617DA2A-E03F-4E48-8150-D13FC0644C9C}.NET45|x64.Build.0 = Release|x64
		{5617DA2A-E03F-4E48-8150-D13FC0644C9C}.NET45|x86.ActiveCfg = Release|Any CPU
		{5617DA2A-E03F-4E48-8150-D13FC0644C9C}.NET45|x86.Build.0 = Release|Any CPU
		{5617DA2A-E03F-4E48-8150-D13FC0644C9C}.Release|Any CPU.ActiveCfg = Release|Any CPU
		{5617DA2A-E03F-4E48-8150-D13FC0644C9C}.Release|Any CPU.Build.0 = Release|Any CPU
		{5617DA2A-E03F-4E48-8150-D13FC0644C9C}.Release|x64.ActiveCfg = Release|x64
		{5617DA2A-E03F-4E48-8150-D13FC0644C9C}.Release|x64.Build.0 = Release|x64
		{5617DA2A-E03F-4E48-8150-D13FC0644C9C}.Release|x86.ActiveCfg = Release|Any CPU
		{5617DA2A-E03F-4E48-8150-D13FC0644C9C}.Release|x86.Build.0 = Release|Any CPU
		{E71FA28C-4F28-4AB9-AC98-0631C5462809}.Debug|Any CPU.ActiveCfg = Debug|Any CPU
		{E71FA28C-4F28-4AB9-AC98-0631C5462809}.Debug|Any CPU.Build.0 = Debug|Any CPU
		{E71FA28C-4F28-4AB9-AC98-0631C5462809}.Debug|x64.ActiveCfg = Debug|Any CPU
		{E71FA28C-4F28-4AB9-AC98-0631C5462809}.Debug|x64.Build.0 = Debug|Any CPU
		{E71FA28C-4F28-4AB9-AC98-0631C5462809}.Debug|x86.ActiveCfg = Debug|Any CPU
		{E71FA28C-4F28-4AB9-AC98-0631C5462809}.Debug|x86.Build.0 = Debug|Any CPU
		{E71FA28C-4F28-4AB9-AC98-0631C5462809}.NET35|Any CPU.ActiveCfg = Release|Any CPU
		{E71FA28C-4F28-4AB9-AC98-0631C5462809}.NET35|Any CPU.Build.0 = Release|Any CPU
		{E71FA28C-4F28-4AB9-AC98-0631C5462809}.NET35|x64.ActiveCfg = Release|Any CPU
		{E71FA28C-4F28-4AB9-AC98-0631C5462809}.NET35|x64.Build.0 = Release|Any CPU
		{E71FA28C-4F28-4AB9-AC98-0631C5462809}.NET35|x86.ActiveCfg = Release|Any CPU
		{E71FA28C-4F28-4AB9-AC98-0631C5462809}.NET35|x86.Build.0 = Release|Any CPU
		{E71FA28C-4F28-4AB9-AC98-0631C5462809}.NET40|Any CPU.ActiveCfg = Release|Any CPU
		{E71FA28C-4F28-4AB9-AC98-0631C5462809}.NET40|Any CPU.Build.0 = Release|Any CPU
		{E71FA28C-4F28-4AB9-AC98-0631C5462809}.NET40|x64.ActiveCfg = Release|Any CPU
		{E71FA28C-4F28-4AB9-AC98-0631C5462809}.NET40|x64.Build.0 = Release|Any CPU
		{E71FA28C-4F28-4AB9-AC98-0631C5462809}.NET40|x86.ActiveCfg = Release|Any CPU
		{E71FA28C-4F28-4AB9-AC98-0631C5462809}.NET40|x86.Build.0 = Release|Any CPU
		{E71FA28C-4F28-4AB9-AC98-0631C5462809}.NET45|Any CPU.ActiveCfg = Release|Any CPU
		{E71FA28C-4F28-4AB9-AC98-0631C5462809}.NET45|Any CPU.Build.0 = Release|Any CPU
		{E71FA28C-4F28-4AB9-AC98-0631C5462809}.NET45|x64.ActiveCfg = Release|Any CPU
		{E71FA28C-4F28-4AB9-AC98-0631C5462809}.NET45|x64.Build.0 = Release|Any CPU
		{E71FA28C-4F28-4AB9-AC98-0631C5462809}.NET45|x86.ActiveCfg = Release|Any CPU
		{E71FA28C-4F28-4AB9-AC98-0631C5462809}.NET45|x86.Build.0 = Release|Any CPU
		{E71FA28C-4F28-4AB9-AC98-0631C5462809}.Release|Any CPU.ActiveCfg = Release|Any CPU
		{E71FA28C-4F28-4AB9-AC98-0631C5462809}.Release|Any CPU.Build.0 = Release|Any CPU
		{E71FA28C-4F28-4AB9-AC98-0631C5462809}.Release|x64.ActiveCfg = Release|Any CPU
		{E71FA28C-4F28-4AB9-AC98-0631C5462809}.Release|x64.Build.0 = Release|Any CPU
		{E71FA28C-4F28-4AB9-AC98-0631C5462809}.Release|x86.ActiveCfg = Release|Any CPU
		{E71FA28C-4F28-4AB9-AC98-0631C5462809}.Release|x86.Build.0 = Release|Any CPU
		{8F02F4BA-834A-48DD-A59E-F9F58997777F}.Debug|Any CPU.ActiveCfg = Debug|Any CPU
		{8F02F4BA-834A-48DD-A59E-F9F58997777F}.Debug|Any CPU.Build.0 = Debug|Any CPU
		{8F02F4BA-834A-48DD-A59E-F9F58997777F}.Debug|x64.ActiveCfg = Debug|Any CPU
		{8F02F4BA-834A-48DD-A59E-F9F58997777F}.Debug|x64.Build.0 = Debug|Any CPU
		{8F02F4BA-834A-48DD-A59E-F9F58997777F}.Debug|x86.ActiveCfg = Debug|Any CPU
		{8F02F4BA-834A-48DD-A59E-F9F58997777F}.Debug|x86.Build.0 = Debug|Any CPU
		{8F02F4BA-834A-48DD-A59E-F9F58997777F}.NET35|Any CPU.ActiveCfg = Release|Any CPU
		{8F02F4BA-834A-48DD-A59E-F9F58997777F}.NET35|Any CPU.Build.0 = Release|Any CPU
		{8F02F4BA-834A-48DD-A59E-F9F58997777F}.NET35|x64.ActiveCfg = Release|Any CPU
		{8F02F4BA-834A-48DD-A59E-F9F58997777F}.NET35|x64.Build.0 = Release|Any CPU
		{8F02F4BA-834A-48DD-A59E-F9F58997777F}.NET35|x86.ActiveCfg = Release|Any CPU
		{8F02F4BA-834A-48DD-A59E-F9F58997777F}.NET35|x86.Build.0 = Release|Any CPU
		{8F02F4BA-834A-48DD-A59E-F9F58997777F}.NET40|Any CPU.ActiveCfg = Release|Any CPU
		{8F02F4BA-834A-48DD-A59E-F9F58997777F}.NET40|Any CPU.Build.0 = Release|Any CPU
		{8F02F4BA-834A-48DD-A59E-F9F58997777F}.NET40|x64.ActiveCfg = Release|Any CPU
		{8F02F4BA-834A-48DD-A59E-F9F58997777F}.NET40|x64.Build.0 = Release|Any CPU
		{8F02F4BA-834A-48DD-A59E-F9F58997777F}.NET40|x86.ActiveCfg = Release|Any CPU
		{8F02F4BA-834A-48DD-A59E-F9F58997777F}.NET40|x86.Build.0 = Release|Any CPU
		{8F02F4BA-834A-48DD-A59E-F9F58997777F}.NET45|Any CPU.ActiveCfg = Release|Any CPU
		{8F02F4BA-834A-48DD-A59E-F9F58997777F}.NET45|Any CPU.Build.0 = Release|Any CPU
		{8F02F4BA-834A-48DD-A59E-F9F58997777F}.NET45|x64.ActiveCfg = Release|Any CPU
		{8F02F4BA-834A-48DD-A59E-F9F58997777F}.NET45|x64.Build.0 = Release|Any CPU
		{8F02F4BA-834A-48DD-A59E-F9F58997777F}.NET45|x86.ActiveCfg = Release|Any CPU
		{8F02F4BA-834A-48DD-A59E-F9F58997777F}.NET45|x86.Build.0 = Release|Any CPU
		{8F02F4BA-834A-48DD-A59E-F9F58997777F}.Release|Any CPU.ActiveCfg = Release|Any CPU
		{8F02F4BA-834A-48DD-A59E-F9F58997777F}.Release|Any CPU.Build.0 = Release|Any CPU
		{8F02F4BA-834A-48DD-A59E-F9F58997777F}.Release|x64.ActiveCfg = Release|Any CPU
		{8F02F4BA-834A-48DD-A59E-F9F58997777F}.Release|x64.Build.0 = Release|Any CPU
		{8F02F4BA-834A-48DD-A59E-F9F58997777F}.Release|x86.ActiveCfg = Release|Any CPU
		{8F02F4BA-834A-48DD-A59E-F9F58997777F}.Release|x86.Build.0 = Release|Any CPU
		{5C45572A-D13A-49EE-B2C5-CBA35E9F6301}.Debug|Any CPU.ActiveCfg = Debug|Any CPU
		{5C45572A-D13A-49EE-B2C5-CBA35E9F6301}.Debug|Any CPU.Build.0 = Debug|Any CPU
		{5C45572A-D13A-49EE-B2C5-CBA35E9F6301}.Debug|x64.ActiveCfg = Debug|Any CPU
		{5C45572A-D13A-49EE-B2C5-CBA35E9F6301}.Debug|x64.Build.0 = Debug|Any CPU
		{5C45572A-D13A-49EE-B2C5-CBA35E9F6301}.Debug|x86.ActiveCfg = Debug|Any CPU
		{5C45572A-D13A-49EE-B2C5-CBA35E9F6301}.Debug|x86.Build.0 = Debug|Any CPU
		{5C45572A-D13A-49EE-B2C5-CBA35E9F6301}.NET35|Any CPU.ActiveCfg = Release|Any CPU
		{5C45572A-D13A-49EE-B2C5-CBA35E9F6301}.NET35|Any CPU.Build.0 = Release|Any CPU
		{5C45572A-D13A-49EE-B2C5-CBA35E9F6301}.NET35|x64.ActiveCfg = Release|Any CPU
		{5C45572A-D13A-49EE-B2C5-CBA35E9F6301}.NET35|x64.Build.0 = Release|Any CPU
		{5C45572A-D13A-49EE-B2C5-CBA35E9F6301}.NET35|x86.ActiveCfg = Release|Any CPU
		{5C45572A-D13A-49EE-B2C5-CBA35E9F6301}.NET35|x86.Build.0 = Release|Any CPU
		{5C45572A-D13A-49EE-B2C5-CBA35E9F6301}.NET40|Any CPU.ActiveCfg = Release|Any CPU
		{5C45572A-D13A-49EE-B2C5-CBA35E9F6301}.NET40|Any CPU.Build.0 = Release|Any CPU
		{5C45572A-D13A-49EE-B2C5-CBA35E9F6301}.NET40|x64.ActiveCfg = Release|Any CPU
		{5C45572A-D13A-49EE-B2C5-CBA35E9F6301}.NET40|x64.Build.0 = Release|Any CPU
		{5C45572A-D13A-49EE-B2C5-CBA35E9F6301}.NET40|x86.ActiveCfg = Release|Any CPU
		{5C45572A-D13A-49EE-B2C5-CBA35E9F6301}.NET40|x86.Build.0 = Release|Any CPU
		{5C45572A-D13A-49EE-B2C5-CBA35E9F6301}.NET45|Any CPU.ActiveCfg = Release|Any CPU
		{5C45572A-D13A-49EE-B2C5-CBA35E9F6301}.NET45|Any CPU.Build.0 = Release|Any CPU
		{5C45572A-D13A-49EE-B2C5-CBA35E9F6301}.NET45|x64.ActiveCfg = Release|Any CPU
		{5C45572A-D13A-49EE-B2C5-CBA35E9F6301}.NET45|x64.Build.0 = Release|Any CPU
		{5C45572A-D13A-49EE-B2C5-CBA35E9F6301}.NET45|x86.ActiveCfg = Release|Any CPU
		{5C45572A-D13A-49EE-B2C5-CBA35E9F6301}.NET45|x86.Build.0 = Release|Any CPU
		{5C45572A-D13A-49EE-B2C5-CBA35E9F6301}.Release|Any CPU.ActiveCfg = Release|Any CPU
		{5C45572A-D13A-49EE-B2C5-CBA35E9F6301}.Release|Any CPU.Build.0 = Release|Any CPU
		{5C45572A-D13A-49EE-B2C5-CBA35E9F6301}.Release|x64.ActiveCfg = Release|Any CPU
		{5C45572A-D13A-49EE-B2C5-CBA35E9F6301}.Release|x64.Build.0 = Release|Any CPU
		{5C45572A-D13A-49EE-B2C5-CBA35E9F6301}.Release|x86.ActiveCfg = Release|Any CPU
		{5C45572A-D13A-49EE-B2C5-CBA35E9F6301}.Release|x86.Build.0 = Release|Any CPU
		{5E975DEB-D127-4964-B067-467B00807A89}.Debug|Any CPU.ActiveCfg = Debug|Any CPU
		{5E975DEB-D127-4964-B067-467B00807A89}.Debug|Any CPU.Build.0 = Debug|Any CPU
		{5E975DEB-D127-4964-B067-467B00807A89}.Debug|x64.ActiveCfg = Debug|Any CPU
		{5E975DEB-D127-4964-B067-467B00807A89}.Debug|x86.ActiveCfg = Debug|Any CPU
		{5E975DEB-D127-4964-B067-467B00807A89}.NET35|Any CPU.ActiveCfg = Release|Any CPU
		{5E975DEB-D127-4964-B067-467B00807A89}.NET35|Any CPU.Build.0 = Release|Any CPU
		{5E975DEB-D127-4964-B067-467B00807A89}.NET35|x64.ActiveCfg = Release|Any CPU
		{5E975DEB-D127-4964-B067-467B00807A89}.NET35|x86.ActiveCfg = Release|Any CPU
		{5E975DEB-D127-4964-B067-467B00807A89}.NET40|Any CPU.ActiveCfg = Release|Any CPU
		{5E975DEB-D127-4964-B067-467B00807A89}.NET40|Any CPU.Build.0 = Release|Any CPU
		{5E975DEB-D127-4964-B067-467B00807A89}.NET40|x64.ActiveCfg = Release|Any CPU
		{5E975DEB-D127-4964-B067-467B00807A89}.NET40|x86.ActiveCfg = Release|Any CPU
		{5E975DEB-D127-4964-B067-467B00807A89}.NET45|Any CPU.ActiveCfg = Release|Any CPU
		{5E975DEB-D127-4964-B067-467B00807A89}.NET45|Any CPU.Build.0 = Release|Any CPU
		{5E975DEB-D127-4964-B067-467B00807A89}.NET45|x64.ActiveCfg = Release|Any CPU
		{5E975DEB-D127-4964-B067-467B00807A89}.NET45|x86.ActiveCfg = Release|Any CPU
		{5E975DEB-D127-4964-B067-467B00807A89}.Release|Any CPU.ActiveCfg = Release|Any CPU
		{5E975DEB-D127-4964-B067-467B00807A89}.Release|Any CPU.Build.0 = Release|Any CPU
		{5E975DEB-D127-4964-B067-467B00807A89}.Release|x64.ActiveCfg = Release|Any CPU
		{5E975DEB-D127-4964-B067-467B00807A89}.Release|x86.ActiveCfg = Release|Any CPU
	EndGlobalSection
	GlobalSection(SolutionProperties) = preSolution
		HideSolutionNode = FALSE
	EndGlobalSection
	GlobalSection(TestCaseManagementSettings) = postSolution
		CategoryFile = Accord.NET.vsmdi
	EndGlobalSection
EndGlobal
